{"SurveyEntry":{"SurveyID":"SV_cUq7See4biJRpqd","SurveyName":"RRTsc1 - Lab","SurveyDescription":"DEQ-SC6","SurveyOwnerID":"UR_9BtP1lYOyu01rRX","SurveyBrandID":"bgupsych","DivisionID":null,"SurveyLanguage":"HE","SurveyActiveResponseSet":"RS_8dMutBOmezDCwqV","SurveyStatus":"Inactive","SurveyStartDate":"0000-00-00 00:00:00","SurveyExpirationDate":"0000-00-00 00:00:00","SurveyCreationDate":"2016-03-10 07:00:40","CreatorID":"UR_9BtP1lYOyu01rRX","LastModified":"2020-11-10 02:44:54","LastAccessed":"0000-00-00 00:00:00","LastActivated":"2016-03-10 07:11:57","Deleted":null},"SurveyElements":[{"SurveyID":"SV_cUq7See4biJRpqd","Element":"BL","PrimaryAttribute":"Survey Blocks","SecondaryAttribute":null,"TertiaryAttribute":null,"Payload":{"1":{"Type":"Trash","Description":"Trash \/ Unused Questions","ID":"BL_8udyhXXM1jzSQW9","BlockElements":[]},"13":{"Type":"Standard","SubType":"","Description":"Intro","ID":"BL_9QWDIsVpduDyDdz","BlockElements":[{"Type":"Question","QuestionID":"QID110"},{"Type":"Question","QuestionID":"QID111"},{"Type":"Question","QuestionID":"QID85"},{"Type":"Question","QuestionID":"QID112"}]},"19":{"Type":"Standard","SubType":"","Description":"DEQ-SC6","ID":"BL_3EmFTkQ47oWTPNj","BlockElements":[{"Type":"Question","QuestionID":"QID104"}]}}},{"SurveyID":"SV_cUq7See4biJRpqd","Element":"BR","PrimaryAttribute":"FL_10","SecondaryAttribute":null,"TertiaryAttribute":null,"Payload":{"FL_4":0,"FL_9":0,"FL_5":0,"FL_6":0,"FL_2":0,"FL_7":0,"FL_8":0,"FL_3":0}},{"SurveyID":"SV_cUq7See4biJRpqd","Element":"BR","PrimaryAttribute":"FL_a3jyM0FmDGW6gxn","SecondaryAttribute":null,"TertiaryAttribute":null,"Payload":{"FL_1SKd45rO2IFZ8mF":0,"FL_1zwN43yU36XcMxT":0,"FL_6DWWne46M5hE0xn":0,"FL_bg8s4oKOivY3o6F":0,"FL_bx8rxNCFNOhzz13":0,"FL_8k2BcYfBDjGd38N":0,"FL_5bSBJI1mnsKpUoZ":0,"FL_eCLcn410Ft9BsUZ":0,"FL_1FX3zUsB7At56It":0}},{"SurveyID":"SV_cUq7See4biJRpqd","Element":"FL","PrimaryAttribute":"Survey Flow","SecondaryAttribute":null,"TertiaryAttribute":null,"Payload":{"Type":"Root","FlowID":"FL_cTQoYXKKGd9UZvv","Flow":[{"Type":"EmbeddedData","FlowID":"FL_18","EmbeddedData":[{"Description":"sbj","Type":"Custom","Field":"sbj","VariableType":"Nominal","DataVisibility":[],"Value":"99999"},{"Description":"Enter Embedded Data Field Name Here...","Type":"Recipient","Field":"Enter Embedded Data Field Name Here...","VariableType":"Nominal","DataVisibility":[]}]},{"Type":"Standard","ID":"BL_9QWDIsVpduDyDdz","FlowID":"FL_3ws9lgl4AIqYECN"},{"Type":"Branch","FlowID":"FL_36","Description":"New Branch","BranchLogic":{"0":{"0":{"LogicType":"DeviceType","Operator":"Is","LeftOperand":"mobile","Type":"Expression","Description":"<span class=\"ConjDesc\">If<\/span><span class=\"schema_desc\">Device Type<\/span><span class=\"select_val_desc Operator_desc\">Is<\/span><span class=\"select_val_desc LeftOperand_desc\">Mobile<\/span>"},"Type":"If"},"Type":"BooleanExpression"},"Flow":[{"Type":"BlockRandomizer","FlowID":"FL_a3jyM0FmDGW6gxn","SubSet":0,"EvenPresentation":true}]},{"Type":"Branch","FlowID":"FL_37","Description":"New Branch","BranchLogic":{"0":{"0":{"LogicType":"DeviceType","Operator":"IsNot","LeftOperand":"mobile","Type":"Expression","Description":"<span class=\"ConjDesc\">If<\/span><span class=\"schema_desc\">Device Type<\/span><span class=\"select_val_desc Operator_desc\">Is Not<\/span><span class=\"select_val_desc LeftOperand_desc\">Mobile<\/span>"},"Type":"If"},"Type":"BooleanExpression"},"Flow":[{"Type":"Standard","ID":"BL_3EmFTkQ47oWTPNj","FlowID":"FL_20"},{"Type":"BlockRandomizer","FlowID":"FL_27","SubSet":0,"EvenPresentation":true}]}],"Properties":{"Count":38,"RemovedFieldsets":[]}}},{"SurveyID":"SV_cUq7See4biJRpqd","Element":"SO","PrimaryAttribute":"Survey Options","SecondaryAttribute":null,"TertiaryAttribute":null,"Payload":{"BackButton":"false","SaveAndContinue":"false","SurveyProtection":"PublicSurvey","BallotBoxStuffingPrevention":"false","NoIndex":"Yes","SurveyExpiration":null,"SurveyTermination":"DisplayMessage","Header":"<center><img src=\"https:\/\/co1.qualtrics.com\/WRQualtricsShared\/Skins\/bgupsych\/MQ\/bgupsych\/logo.gif\">","Footer":"","ProgressBarDisplay":"NoText","PartialData":"+3 days","ValidationMessage":"MS_bDfcmkqKWlCQtGB","PreviousButton":"\u05d4\u05e7\u05d5\u05d3\u05dd","NextButton":"\u05d4\u05d1\u05d0","SkinLibrary":"Qualtrics","SkinType":"MQ","Skin":"Minimal","NewScoring":1,"PreferJFE":false,"EOSMessage":"MS_0Ol7JUFFdlzjlKR","ShowExportTags":"false","CollectGeoLocation":"false","SurveyTitle":"RRTsc1","SurveyMetaDescription":"Qualtrics online survey","PasswordProtection":"No","AnonymizeResponse":"No","Password":"","RefererCheck":"No","RefererURL":"http:\/\/","EOSMessageLibrary":"UR_9BtP1lYOyu01rRX","EOSRedirectURL":"http:\/\/","EmailThankYou":"false","ThankYouEmailMessageLibrary":null,"ThankYouEmailMessage":null,"ValidateMessage":"true","ValidationMessageLibrary":"UR_9BtP1lYOyu01rRX","InactiveSurvey":"DefaultMessage","InactiveMessageLibrary":"","InactiveMessage":"","AvailableLanguages":{"HE":[]},"libraryId":"UR_9BtP1lYOyu01rRX","nextButtonMid":"MS_8zZIvlrJDyqzcDb","previousButtonMid":"MS_1YyPPOgtDVA8wzr","headerMid":"","footerMid":"","QuestionsPerPage":"","ExternalCSS":null,"CustomStyles":{"errorStyles":{"selector":".Skin .ValidationError","styles":{"color":null,"backgroundColor":null,"borderColor":null}},"errorStylesBG":{"selector":".Skin .HeaderValidationError, .Skin .HeaderValidationError li a","styles":{"color":null,"backgroundColor":null}},"pageStyles":{"selector":"#SurveyEngineBody","styles":{"backgroundColor":null}},"textStyles":{"selector":".SkinInner","styles":{"fontFamily":"arial, helvetica, sans-serif","fontSize":null,"fontWeight":null,"fontStyle":null,"textDecoration":null,"color":null}},"questionStyles":{"selector":".Skin .QuestionText","styles":{"fontFamily":"","fontSize":"","fontWeight":"","fontStyle":"","textDecoration":"","color":null}},"choiceStyles":{"selector":".Skin .horizontalbar th.ylabel, .Skin .Matrix table td, .Skin .Matrix table th, .Skin .Matrix table thead th, .Skin .Matrix table thead td, .Skin .PGR .DragAndDrop .Items label, .Skin .QuestionBody ul.ChoiceStructure, .Skin .PGR .DragAndDrop .Group ul, .Skin .PGR .DragAndDrop .Group h2, .Skin .PGR .DragAndDrop .Items ul, .Skin .PGR .DragAndDrop .Items h2, .Skin .DD .QuestionBody table.ChoiceStructure, .Skin .PGR .DragAndDrop .NoColumns td.groupsContainerTd div ul, .Skin .PGR .DragAndDrop .NoColumns td.groupsContainerTd div h2, .Skin .SBS thead th, .Skin .SBS td, .Skin .SBS .Answers td, .Skin .SBS .Answers th, .SBS table.ChoiceStructure, .Skin .horizontalbar thead table.LabelDescriptions tr td, .Skin .horizontalbar thead tr td.NotApplicable, .QuestionBody th, .Skin .QuestionBody .MC .MAVR label, .Skin .QuestionBody .MC .SAVR label, .Skin .SBS thead th, .Skin .SBS td, .Skin .RO .DND ul li, .Skin .reg, .SkinInner .ChoiceStructure, .Skin thead, .Skin .GAP .ChoiceStructure thead th, .Skin .GAP .ChoiceStructure .c4, .Skin .GAP .ChoiceStructure th, .Skin .GAP .ChoiceStructure .WhyText, .SkinInner .ChoiceStructure .LightBG, .Skin .QuestionOuter.Highlight .Inner .reg, .Skin .QuestionOuter.Highlight .Inner .alt, .Skin .QuestionOuter.Highlight .Inner .ReadableAlt       ","styles":{"fontFamily":null,"fontSize":null,"fontWeight":null,"fontStyle":null,"textDecoration":null,"color":null}},"headerStyles":{"selector":".Skin div#Header","styles":{"color":null}},"footerStyles":{"selector":".Skin #Footer","styles":{"color":null}},"questionSeparatorStyles":{"selector":".Skin .Separator","styles":{"backgroundColor":null,"display":"block"}},"highlightStyles":{"selector":".Skin .QuestionOuter.Highlight .Inner, .Skin .QuestionOuter.Highlight .Inner .reg, .Skin .QuestionOuter.Highlight .Inner .alt, .Skin .QuestionOuter.Highlight .Inner .ReadableAlt","styles":{"backgroundColor":null}},"highlightStylesAlt":{"selector":".Skin .QuestionOuter.Highlight .Inner .ReadableAlt, .Skin .QuestionOuter.Highlight .Inner .LightBG","styles":{"backgroundColor":null}},"textEntryStyles":{"selector":".Skin select, .Skin .InputText","styles":{"color":null}},"borderStyles":{"selector":".Skin .CS .horizontalbar table.sliderGrid tr.xlabel th, .Skin .CS .horizontalbar .ylabel, .Skin .CS .horizontalbar table.sliderGrid tr td.value, .Skin .Slider .horizontalbar table.sliderGrid tr.xlabel th, .Skin .BorderColor, .Skin .DarkBorderColor, .Skin .Slider .horizontalbar table.sliderGrid tr td.value, .Skin thead, .Skin .GAP .ChoiceStructure thead th  ","styles":{"borderColor":null}},"altRowStyles":{"selector":".Skin .ReadableAlt, .Skin .LightBG","styles":{"backgroundColor":null}},"customCSS":"\/* Place your CSS here *\/\nhtml .CSS3 .Skin #Logo {\n\t\/* margin-left: auto;\n    margin-right: auto; *\/\n    width: 12em;\n}"},"HighlightQuestions":"on","ProtectSelectionIds":true,"PageTransition":"None"}},{"SurveyID":"SV_cUq7See4biJRpqd","Element":"SCO","PrimaryAttribute":"Scoring","SecondaryAttribute":null,"TertiaryAttribute":null,"Payload":{"ScoringCategories":[],"ScoringCategoryGroups":[],"ScoringSummaryCategory":null,"ScoringSummaryAfterQuestions":0,"ScoringSummaryAfterSurvey":0,"DefaultScoringCategory":null,"AutoScoringCategory":null}},{"SurveyID":"SV_cUq7See4biJRpqd","Element":"STAT","PrimaryAttribute":"Survey Statistics","SecondaryAttribute":null,"TertiaryAttribute":null,"Payload":{"MobileCompatible":true,"ID":"Survey Statistics"}},{"SurveyID":"SV_cUq7See4biJRpqd","Element":"PROJ","PrimaryAttribute":"CORE","SecondaryAttribute":"1.0.0","TertiaryAttribute":null,"Payload":null},{"SurveyID":"SV_cUq7See4biJRpqd","Element":"QC","PrimaryAttribute":"Survey Question Count","SecondaryAttribute":"112","TertiaryAttribute":null,"Payload":null},{"SurveyID":"SV_cUq7See4biJRpqd","Element":"SQ","PrimaryAttribute":"QID110","SecondaryAttribute":"Browser Meta Info","TertiaryAttribute":null,"Payload":{"QuestionText":"Browser Meta Info","DefaultChoices":false,"DataExportTag":"Q1","QuestionType":"Meta","Selector":"Browser","Configuration":{"QuestionDescriptionOption":"UseText"},"QuestionDescription":"Browser Meta Info","Choices":{"1":{"Display":"Browser","TextEntry":1},"2":{"Display":"Version","TextEntry":1},"3":{"Display":"Operating System","TextEntry":1},"4":{"Display":"Screen Resolution","TextEntry":1},"5":{"Display":"Flash Version","TextEntry":1},"6":{"Display":"Java Support","TextEntry":1},"7":{"Display":"User Agent","TextEntry":1}},"GradingData":[],"Language":[],"QuestionID":"QID110","QuestionText_Unsafe":"Browser Meta Info"}},{"SurveyID":"SV_cUq7See4biJRpqd","Element":"RS","PrimaryAttribute":"RS_8dMutBOmezDCwqV","SecondaryAttribute":"Default Response Set","TertiaryAttribute":null,"Payload":null},{"SurveyID":"SV_cUq7See4biJRpqd","Element":"SQ","PrimaryAttribute":"QID111","SecondaryAttribute":"\u05de\u05e1\u05e4\u05e8 \u05e0\u05d1\u05d3\u05e7:","TertiaryAttribute":null,"Payload":{"QuestionText":"\u05de\u05e1\u05e4\u05e8 \u05e0\u05d1\u05d3\u05e7:","DefaultChoices":false,"DataExportTag":"Q16","QuestionType":"TE","Selector":"SL","Configuration":{"QuestionDescriptionOption":"UseText"},"QuestionDescription":"\u05de\u05e1\u05e4\u05e8 \u05e0\u05d1\u05d3\u05e7:","Validation":{"Settings":{"ForceResponse":"ON","ForceResponseType":"ON","Type":"None"}},"GradingData":[],"Language":[],"QuestionID":"QID111"}},{"SurveyID":"SV_cUq7See4biJRpqd","Element":"SQ","PrimaryAttribute":"QID85","SecondaryAttribute":"\u05d0\u05e8\u05d1\u05e2 \u05e1\u05e4\u05e8\u05d5\u05ea \u05d0\u05d7\u05e8\u05d5\u05e0\u05d5\u05ea \u05e9\u05dc \u05ea\u05e2\u05d5\u05d3\u05ea \u05d4\u05d6\u05d4\u05d5\u05ea:","TertiaryAttribute":null,"Payload":{"QuestionText":"\u05d0\u05e8\u05d1\u05e2 \u05e1\u05e4\u05e8\u05d5\u05ea \u05d0\u05d7\u05e8\u05d5\u05e0\u05d5\u05ea \u05e9\u05dc \u05ea\u05e2\u05d5\u05d3\u05ea \u05d4\u05d6\u05d4\u05d5\u05ea:","DefaultChoices":false,"DataExportTag":"Q4","QuestionType":"TE","Selector":"SL","Configuration":{"QuestionDescriptionOption":"UseText"},"QuestionDescription":"\u05d0\u05e8\u05d1\u05e2 \u05e1\u05e4\u05e8\u05d5\u05ea \u05d0\u05d7\u05e8\u05d5\u05e0\u05d5\u05ea \u05e9\u05dc \u05ea\u05e2\u05d5\u05d3\u05ea \u05d4\u05d6\u05d4\u05d5\u05ea:","Validation":{"Settings":{"ForceResponse":"ON","ForceResponseType":"ON","Type":"ContentType","ContentType":"ValidNumber","ValidDateType":"DateWithFormat","ValidPhoneType":"ValidUSPhone","ValidZipType":"ValidUSZip","ValidNumber":{"Min":"0001","Max":"9999","NumDecimals":"0"}}},"GradingData":[],"Language":[],"QuestionID":"QID85","QuestionText_Unsafe":"\u05d0\u05e8\u05d1\u05e2 \u05e1\u05e4\u05e8\u05d5\u05ea \u05d0\u05d7\u05e8\u05d5\u05e0\u05d5\u05ea \u05e9\u05dc \u05ea\u05e2\u05d5\u05d3\u05ea \u05d4\u05d6\u05d4\u05d5\u05ea:"}},{"SurveyID":"SV_cUq7See4biJRpqd","Element":"SQ","PrimaryAttribute":"QID104","SecondaryAttribute":"\u05dc\u05d4\u05dc\u05df \u05de\u05e1\u05e4\u05e8 \u05de\u05e9\u05e4\u05d8\u05d9\u05dd \u05d4\u05e0\u05d5\u05d2\u05e2\u05d9\u05dd \u05dc\u05de\u05d0\u05e4\u05d9\u05d9\u05e0\u05d9\u05dd \u05d5\u05dc\u05ea\u05db\u05d5\u05e0\u05d5\u05ea \u05d0\u05d9\u05e9\u05d9\u05d5\u05ea. \u05e7\u05e8","TertiaryAttribute":null,"Payload":{"QuestionText":"<p>\u05dc\u05d4\u05dc\u05df \u05de\u05e1\u05e4\u05e8 \u05de\u05e9\u05e4\u05d8\u05d9\u05dd \u05d4\u05e0\u05d5\u05d2\u05e2\u05d9\u05dd \u05dc\u05de\u05d0\u05e4\u05d9\u05d9\u05e0\u05d9\u05dd \u05d5\u05dc\u05ea\u05db\u05d5\u05e0\u05d5\u05ea \u05d0\u05d9\u05e9\u05d9\u05d5\u05ea.<o:p><\/o:p><\/p>\n\n<p>\u05e7\u05e8\u05d0\/\u05d9 \u05db\u05dc \u05de\u05e9\u05e4\u05d8 \u05d5\u05d4\u05d7\u05dc\u05d9\u05d8\/\u05d9 \u05d1\u05d0\u05dd \u05d0\u05ea\/\u05d4 \u05de\u05e1\u05db\u05d9\u05de\/\u05d4 \u05d0\u05d5 \u05de\u05ea\u05e0\u05d2\u05d3\/\u05ea \u05d5\u05d1\u05d0\u05d9\u05d6\u05d5 \u05de\u05d9\u05d3\u05d4. \u05d0\u05dd \u05d0\u05ea\/\u05d4&nbsp;<u>\u05de\u05e1\u05db\u05d9\u05de\/\u05d4 \u05d1\u05de\u05d9\u05d3\u05d4 \u05e8\u05d1\u05d4<\/u>, \u05e1\u05de\u05e0\/\u05d9 7.&nbsp; \u05d0\u05dd \u05d0\u05ea\/\u05d4&nbsp;<u>\u05de\u05ea\u05e0\u05d2\u05d3\/\u05ea \u05d1\u05de\u05d9\u05d3\u05d4 \u05e8\u05d1\u05d4<\/u>, \u05e1\u05de\u05e0\/\u05d9 1. \u05d9\u05e9 \u05dc\u05e1\u05de\u05df \u05d0\u05ea \u05e0\u05e7\u05d5\u05d3\u05ea \u05d4\u05d0\u05de\u05e6\u05e2 (4) \u05d0\u05dd \u05d0\u05ea\/\u05d4 \u05e0\u05d9\u05d9\u05d8\u05e8\u05dc\u05d9\/\u05ea \u05d0\u05d5 \u05de\u05ea\u05dc\u05d1\u05d8\/\u05ea.<\/p>\n\n<p><o:p><\/o:p><\/p>","DefaultChoices":false,"DataExportTag":"Q10","QuestionType":"Matrix","Selector":"Likert","SubSelector":"SingleAnswer","Configuration":{"QuestionDescriptionOption":"UseText","TextPosition":"inline","ChoiceColumnWidth":25,"RepeatHeaders":"all","WhiteSpace":"OFF","MobileFirst":false},"QuestionDescription":"\u05dc\u05d4\u05dc\u05df \u05de\u05e1\u05e4\u05e8 \u05de\u05e9\u05e4\u05d8\u05d9\u05dd \u05d4\u05e0\u05d5\u05d2\u05e2\u05d9\u05dd \u05dc\u05de\u05d0\u05e4\u05d9\u05d9\u05e0\u05d9\u05dd \u05d5\u05dc\u05ea\u05db\u05d5\u05e0\u05d5\u05ea \u05d0\u05d9\u05e9\u05d9\u05d5\u05ea. \u05e7\u05e8\u05d0\/\u05d9 \u05db\u05dc \u05de\u05e9\u05e4\u05d8 \u05d5\u05d4\u05d7\u05dc\u05d9\u05d8\/\u05d9 \u05d1\u05d0\u05dd \u05d0\u05ea\/\u05d4 \u05de\u05e1\u05db\u05d9\u05de\/\u05d4 \u05d0\u05d5 \u05de\u05ea...","Choices":{"1":{"Display":"\u05dc\u05e2\u05d9\u05ea\u05d9\u05dd \u05e7\u05e8\u05d5\u05d1\u05d5\u05ea \u05d0\u05e0\u05d9 \u05de\u05d5\u05e6\u05d0\/\u05ea \u05db\u05d9 \u05d0\u05d9\u05e0\u05e0\u05d9 \u05d7\u05d9\/\u05d4 \u05d1\u05d4\u05ea\u05d0\u05dd \u05dc\u05e1\u05d8\u05e0\u05d3\u05e8\u05d8\u05d9\u05dd \u05d0\u05d5 \u05dc\u05d0\u05d9\u05d3\u05d0\u05dc\u05d9\u05dd \u05e9\u05dc\u05d9."},"2":{"Display":"\u05e7\u05d9\u05d9\u05dd \u05d4\u05d1\u05d3\u05dc \u05e0\u05d9\u05db\u05e8 \u05d1\u05d9\u05df \u05d0\u05d9\u05da \u05e9\u05d0\u05e0\u05d9 \u05d4\u05d9\u05d5\u05dd \u05dc\u05d1\u05d9\u05df \u05d0\u05d9\u05da \u05e9\u05d4\u05d9\u05d9\u05ea\u05d9 \u05e8\u05d5\u05e6\u05d4 \u05dc\u05d4\u05d9\u05d5\u05ea."},"3":{"Display":"\u05d0\u05e0\u05d9 \u05e0\u05d5\u05d8\u05d4 \u05dc\u05d0 \u05dc\u05d4\u05d9\u05d5\u05ea \u05de\u05e8\u05d5\u05e6\u05d4 \u05de\u05de\u05d4 \u05e9\u05d9\u05e9 \u05dc\u05d9. "},"4":{"Display":"\u05e7\u05e9\u05d4 \u05dc\u05d9 \u05dc\u05e7\u05d1\u05dc \u05d0\u05ea \u05d4\u05d7\u05d5\u05dc\u05e9\u05d5\u05ea \u05e9\u05dc\u05d9. "},"5":{"Display":"\u05d9\u05e9 \u05dc\u05d9 \u05e0\u05d8\u05d9\u05d9\u05d4 \u05dc\u05d4\u05d9\u05d5\u05ea \u05de\u05d0\u05d3 \u05d1\u05d9\u05e7\u05d5\u05e8\u05ea\u05d9\/\u05ea \u05db\u05dc\u05e4\u05d9 \u05e2\u05e6\u05de\u05d9."},"6":{"Display":"\u05dc\u05e2\u05d9\u05ea\u05d9\u05dd \u05e7\u05e8\u05d5\u05d1\u05d5\u05ea \u05d0\u05e0\u05d9 \u05de\u05e9\u05d5\u05d5\u05d4 \u05d0\u05ea \u05e2\u05e6\u05de\u05d9 \u05dc\u05e1\u05d8\u05e0\u05d3\u05e8\u05d8\u05d9\u05dd \u05d0\u05d5 \u05de\u05d8\u05e8\u05d5\u05ea."}},"ChoiceOrder":[1,2,3,4,5,6],"Validation":{"Settings":{"ForceResponse":"ON","ForceResponseType":"ON","Type":"None"}},"GradingData":[],"Language":[],"ColumnLabels":[{"Display":"\u05de\u05ea\u05e0\u05d2\u05d3\/\u05ea \u05d1\u05de\u05d9\u05d3\u05d4 \u05e8\u05d1\u05d4","IsLabelDefault":false},{"Display":"&nbsp;","IsLabelDefault":false},{"Display":"&nbsp;","IsLabelDefault":false},{"Display":"&nbsp;","IsLabelDefault":false},{"Display":"&nbsp;","IsLabelDefault":false},{"Display":"&nbsp;","IsLabelDefault":false},{"Display":"\u05de\u05e1\u05db\u05d9\u05de\/\u05d4 \u05d1\u05de\u05d9\u05d3\u05d4 \u05e8\u05d1\u05d4","IsLabelDefault":false}],"Answers":{"1":{"Display":"1"},"2":{"Display":"2"},"3":{"Display":"3"},"4":{"Display":"4"},"5":{"Display":"5"},"6":{"Display":"6"},"7":{"Display":"7"}},"AnswerOrder":[1,2,3,4,5,6,7],"ChoiceDataExportTags":false,"QuestionID":"QID104","QuestionText_Unsafe":"<p>\u05dc\u05d4\u05dc\u05df \u05de\u05e1\u05e4\u05e8 \u05de\u05e9\u05e4\u05d8\u05d9\u05dd \u05d4\u05e0\u05d5\u05d2\u05e2\u05d9\u05dd \u05dc\u05de\u05d0\u05e4\u05d9\u05d9\u05e0\u05d9\u05dd \u05d5\u05dc\u05ea\u05db\u05d5\u05e0\u05d5\u05ea \u05d0\u05d9\u05e9\u05d9\u05d5\u05ea.<o:p><\/o:p><\/p>\n\n<p>\u05e7\u05e8\u05d0\/\u05d9 \u05db\u05dc \u05de\u05e9\u05e4\u05d8 \u05d5\u05d4\u05d7\u05dc\u05d9\u05d8\/\u05d9 \u05d1\u05d0\u05dd \u05d0\u05ea\/\u05d4 \u05de\u05e1\u05db\u05d9\u05de\/\u05d4 \u05d0\u05d5 \u05de\u05ea\u05e0\u05d2\u05d3\/\u05ea \u05d5\u05d1\u05d0\u05d9\u05d6\u05d5 \u05de\u05d9\u05d3\u05d4. \u05d0\u05dd \u05d0\u05ea\/\u05d4&nbsp;<u>\u05de\u05e1\u05db\u05d9\u05de\/\u05d4 \u05d1\u05de\u05d9\u05d3\u05d4 \u05e8\u05d1\u05d4<\/u>, \u05e1\u05de\u05e0\/\u05d9 7.&nbsp; \u05d0\u05dd \u05d0\u05ea\/\u05d4&nbsp;<u>\u05de\u05ea\u05e0\u05d2\u05d3\/\u05ea \u05d1\u05de\u05d9\u05d3\u05d4 \u05e8\u05d1\u05d4<\/u>, \u05e1\u05de\u05e0\/\u05d9 1. \u05d9\u05e9 \u05dc\u05e1\u05de\u05df \u05d0\u05ea \u05e0\u05e7\u05d5\u05d3\u05ea \u05d4\u05d0\u05de\u05e6\u05e2 (4) \u05d0\u05dd \u05d0\u05ea\/\u05d4 \u05e0\u05d9\u05d9\u05d8\u05e8\u05dc\u05d9\/\u05ea \u05d0\u05d5 \u05de\u05ea\u05dc\u05d1\u05d8\/\u05ea.<\/p>\n\n<p><o:p><\/o:p><\/p>"}},{"SurveyID":"SV_cUq7See4biJRpqd","Element":"SQ","PrimaryAttribute":"QID112","SecondaryAttribute":"\u05db\u05ea\u05d5\u05d1\u05ea \u05d0\u05d9\u05de\u05d9\u05d9\u05dc \u05dc\u05e9\u05dc\u05d9\u05d7\u05ea \u05d4\u05d7\u05dc\u05e7 \u05d4\u05e9\u05e0\u05d9 \u05e9\u05dc \u05d4\u05e0\u05d9\u05e1\u05d5\u05d9:","TertiaryAttribute":null,"Payload":{"QuestionText":"\u05db\u05ea\u05d5\u05d1\u05ea \u05d0\u05d9\u05de\u05d9\u05d9\u05dc \u05dc\u05e9\u05dc\u05d9\u05d7\u05ea \u05d4\u05d7\u05dc\u05e7 \u05d4\u05e9\u05e0\u05d9 \u05e9\u05dc \u05d4\u05e0\u05d9\u05e1\u05d5\u05d9:","DefaultChoices":false,"DataExportTag":"Q5","QuestionType":"TE","Selector":"SL","Configuration":{"QuestionDescriptionOption":"UseText"},"QuestionDescription":"\u05db\u05ea\u05d5\u05d1\u05ea \u05d0\u05d9\u05de\u05d9\u05d9\u05dc \u05dc\u05e9\u05dc\u05d9\u05d7\u05ea \u05d4\u05d7\u05dc\u05e7 \u05d4\u05e9\u05e0\u05d9 \u05e9\u05dc \u05d4\u05e0\u05d9\u05e1\u05d5\u05d9:","Validation":{"Settings":{"ForceResponse":"ON","ForceResponseType":"ON","Type":"ContentType","ContentType":"ValidEmail","ValidDateType":"DateWithFormat","ValidPhoneType":"ValidUSPhone","ValidZipType":"ValidUSZip"}},"GradingData":[],"Language":[],"QuestionID":"QID112"}}]}