{"SurveyEntry":{"SurveyID":"SV_6u5wIQHbVFjO8VT","SurveyName":"RRTsc1 - Home","SurveyDescription":"DEQ-SC6","SurveyOwnerID":"UR_9BtP1lYOyu01rRX","SurveyBrandID":"bgupsych","DivisionID":null,"SurveyLanguage":"HE","SurveyActiveResponseSet":"RS_cYC3ukUbq7BymzP","SurveyStatus":"Inactive","SurveyStartDate":"0000-00-00 00:00:00","SurveyExpirationDate":"0000-00-00 00:00:00","SurveyCreationDate":"2016-03-10 07:01:03","CreatorID":"UR_9BtP1lYOyu01rRX","LastModified":"2020-11-10 02:44:15","LastAccessed":"0000-00-00 00:00:00","LastActivated":"2016-03-10 07:16:54","Deleted":null},"SurveyElements":[{"SurveyID":"SV_6u5wIQHbVFjO8VT","Element":"BL","PrimaryAttribute":"Survey Blocks","SecondaryAttribute":null,"TertiaryAttribute":null,"Payload":{"1":{"Type":"Trash","Description":"Trash \/ Unused Questions","ID":"BL_8udyhXXM1jzSQW9","BlockElements":[]},"13":{"Type":"Standard","SubType":"","Description":"Intro","ID":"BL_9QWDIsVpduDyDdz","BlockElements":[{"Type":"Question","QuestionID":"QID110"},{"Type":"Question","QuestionID":"QID96"},{"Type":"Page Break"},{"Type":"Question","QuestionID":"QID84"},{"Type":"Question","QuestionID":"QID85"}],"Options":{"BlockLocking":"false","RandomizeQuestions":"false","BlockVisibility":"Collapsed"}},"18":{"Type":"Standard","SubType":"","Description":"RSES","ID":"BL_9nmXc2tCPQU6oLj","BlockElements":[{"Type":"Question","QuestionID":"QID108"}],"Options":{"BlockLocking":"false","RandomizeQuestions":"false","BlockVisibility":"Collapsed"}},"20":{"Type":"Standard","SubType":"","Description":"BSI","ID":"BL_7X7tGYK32TAnDcV","BlockElements":[{"Type":"Question","QuestionID":"QID105"},{"Type":"Question","QuestionID":"QID106"}],"Options":{"BlockLocking":"false","RandomizeQuestions":"false","BlockVisibility":"Collapsed"}},"22":{"Type":"Standard","SubType":"","Description":"CES-D","ID":"BL_eJ83mG9iXWkONPn","BlockElements":[{"Type":"Question","QuestionID":"QID107"}],"Options":{"BlockLocking":"false","RandomizeQuestions":"false","BlockVisibility":"Collapsed"}},"23":{"Type":"Standard","SubType":"","Description":"FSCRS","ID":"BL_38UCA1yWvmOVVBP","BlockElements":[{"Type":"Question","QuestionID":"QID109"}],"Options":{"BlockLocking":"false","RandomizeQuestions":"false","BlockVisibility":"Collapsed"}}}},{"SurveyID":"SV_6u5wIQHbVFjO8VT","Element":"BR","PrimaryAttribute":"FL_10","SecondaryAttribute":null,"TertiaryAttribute":null,"Payload":{"FL_4":0,"FL_9":0,"FL_5":0,"FL_6":0,"FL_2":0,"FL_7":0,"FL_8":0,"FL_3":0}},{"SurveyID":"SV_6u5wIQHbVFjO8VT","Element":"BR","PrimaryAttribute":"FL_27","SecondaryAttribute":null,"TertiaryAttribute":null,"Payload":{"FL_35":2,"FL_29":2,"FL_33":2,"FL_31":2}},{"SurveyID":"SV_6u5wIQHbVFjO8VT","Element":"BR","PrimaryAttribute":"FL_a3jyM0FmDGW6gxn","SecondaryAttribute":null,"TertiaryAttribute":null,"Payload":{"FL_1SKd45rO2IFZ8mF":0,"FL_1zwN43yU36XcMxT":0,"FL_6DWWne46M5hE0xn":0,"FL_bg8s4oKOivY3o6F":0,"FL_bx8rxNCFNOhzz13":0,"FL_8k2BcYfBDjGd38N":0,"FL_5bSBJI1mnsKpUoZ":0,"FL_eCLcn410Ft9BsUZ":0,"FL_1FX3zUsB7At56It":0}},{"SurveyID":"SV_6u5wIQHbVFjO8VT","Element":"CT","PrimaryAttribute":"CT_3KQ2q1zyZJ6cdeZ","SecondaryAttribute":null,"TertiaryAttribute":null,"Payload":null},{"SurveyID":"SV_6u5wIQHbVFjO8VT","Element":"FL","PrimaryAttribute":"Survey Flow","SecondaryAttribute":null,"TertiaryAttribute":null,"Payload":{"Type":"Root","FlowID":"FL_cTQoYXKKGd9UZvv","Flow":[{"Type":"EmbeddedData","FlowID":"FL_42","EmbeddedData":[{"Description":"sbj","Type":"Recipient","Field":"sbj","VariableType":"Nominal","DataVisibility":[]}]},{"Type":"Branch","FlowID":"FL_36","Description":"New Branch","BranchLogic":{"0":{"0":{"LogicType":"DeviceType","Operator":"Is","LeftOperand":"mobile","Type":"Expression","Description":"<span class=\"ConjDesc\">If<\/span><span class=\"schema_desc\">Device Type<\/span><span class=\"select_val_desc Operator_desc\">Is<\/span><span class=\"select_val_desc LeftOperand_desc\">Mobile<\/span>"},"Type":"If"},"Type":"BooleanExpression"},"Flow":[{"Type":"EndSurvey","FlowID":"FL_41","EndingType":"Advanced","Options":{"Advanced":"true","SurveyTermination":"DisplayMessage","EOSMessageLibrary":"UR_9BtP1lYOyu01rRX","EOSMessage":"MS_8owfTwOvCjD6SUt"}}]},{"Type":"Branch","FlowID":"FL_37","Description":"New Branch","BranchLogic":{"0":{"0":{"LogicType":"DeviceType","Operator":"IsNot","LeftOperand":"mobile","Type":"Expression","Description":"<span class=\"ConjDesc\">If<\/span><span class=\"schema_desc\">Device Type<\/span><span class=\"select_val_desc Operator_desc\">Is Not<\/span><span class=\"select_val_desc LeftOperand_desc\">Mobile<\/span>"},"Type":"If"},"Type":"BooleanExpression"},"Flow":[{"Type":"Standard","ID":"BL_9QWDIsVpduDyDdz","FlowID":"FL_3ws9lgl4AIqYECN"},{"Type":"BlockRandomizer","FlowID":"FL_27","SubSet":4,"EvenPresentation":true,"Flow":[{"Type":"Standard","ID":"BL_eJ83mG9iXWkONPn","FlowID":"FL_29"},{"Type":"Standard","ID":"BL_7X7tGYK32TAnDcV","FlowID":"FL_31"},{"Type":"Standard","ID":"BL_38UCA1yWvmOVVBP","FlowID":"FL_33"},{"Type":"Standard","ID":"BL_9nmXc2tCPQU6oLj","FlowID":"FL_35"}]}]}],"Properties":{"Count":42,"RemovedFieldsets":[]}}},{"SurveyID":"SV_6u5wIQHbVFjO8VT","Element":"SO","PrimaryAttribute":"Survey Options","SecondaryAttribute":null,"TertiaryAttribute":null,"Payload":{"BackButton":"false","SaveAndContinue":"false","SurveyProtection":"PublicSurvey","BallotBoxStuffingPrevention":"false","NoIndex":"Yes","SurveyExpiration":null,"SurveyTermination":"DisplayMessage","Header":"<center><img src=\"https:\/\/co1.qualtrics.com\/WRQualtricsShared\/Skins\/bgupsych\/MQ\/bgupsych\/logo.gif\">","Footer":"","ProgressBarDisplay":"NoText","PartialData":"+3 days","ValidationMessage":"MS_bDfcmkqKWlCQtGB","PreviousButton":"\u05d4\u05e7\u05d5\u05d3\u05dd","NextButton":"\u05d4\u05d1\u05d0","SkinLibrary":"Qualtrics","SkinType":"MQ","Skin":"Minimal","NewScoring":1,"PreferJFE":false,"EOSMessage":"MS_a5fKts1T1bGgY4d","ShowExportTags":"false","CollectGeoLocation":"false","SurveyTitle":"RRTsc1","SurveyMetaDescription":"Qualtrics online survey","PasswordProtection":"No","AnonymizeResponse":"No","Password":"","RefererCheck":"No","RefererURL":"http:\/\/","EOSMessageLibrary":"UR_9BtP1lYOyu01rRX","EOSRedirectURL":"http:\/\/","EmailThankYou":"false","ThankYouEmailMessageLibrary":null,"ThankYouEmailMessage":null,"ValidateMessage":"true","ValidationMessageLibrary":"UR_9BtP1lYOyu01rRX","InactiveSurvey":"DefaultMessage","InactiveMessageLibrary":"","InactiveMessage":"","AvailableLanguages":{"HE":[]},"libraryId":"UR_9BtP1lYOyu01rRX","nextButtonMid":"MS_8zZIvlrJDyqzcDb","previousButtonMid":"MS_1YyPPOgtDVA8wzr","headerMid":"","footerMid":"","QuestionsPerPage":"","ExternalCSS":null,"CustomStyles":{"errorStyles":{"selector":".Skin .ValidationError","styles":{"color":null,"backgroundColor":null,"borderColor":null}},"errorStylesBG":{"selector":".Skin .HeaderValidationError, .Skin .HeaderValidationError li a","styles":{"color":null,"backgroundColor":null}},"pageStyles":{"selector":"#SurveyEngineBody","styles":{"backgroundColor":null}},"textStyles":{"selector":".SkinInner","styles":{"fontFamily":"arial, helvetica, sans-serif","fontSize":null,"fontWeight":null,"fontStyle":null,"textDecoration":null,"color":null}},"questionStyles":{"selector":".Skin .QuestionText","styles":{"fontFamily":"","fontSize":"","fontWeight":"","fontStyle":"","textDecoration":"","color":null}},"choiceStyles":{"selector":".Skin .horizontalbar th.ylabel, .Skin .Matrix table td, .Skin .Matrix table th, .Skin .Matrix table thead th, .Skin .Matrix table thead td, .Skin .PGR .DragAndDrop .Items label, .Skin .QuestionBody ul.ChoiceStructure, .Skin .PGR .DragAndDrop .Group ul, .Skin .PGR .DragAndDrop .Group h2, .Skin .PGR .DragAndDrop .Items ul, .Skin .PGR .DragAndDrop .Items h2, .Skin .DD .QuestionBody table.ChoiceStructure, .Skin .PGR .DragAndDrop .NoColumns td.groupsContainerTd div ul, .Skin .PGR .DragAndDrop .NoColumns td.groupsContainerTd div h2, .Skin .SBS thead th, .Skin .SBS td, .Skin .SBS .Answers td, .Skin .SBS .Answers th, .SBS table.ChoiceStructure, .Skin .horizontalbar thead table.LabelDescriptions tr td, .Skin .horizontalbar thead tr td.NotApplicable, .QuestionBody th, .Skin .QuestionBody .MC .MAVR label, .Skin .QuestionBody .MC .SAVR label, .Skin .SBS thead th, .Skin .SBS td, .Skin .RO .DND ul li, .Skin .reg, .SkinInner .ChoiceStructure, .Skin thead, .Skin .GAP .ChoiceStructure thead th, .Skin .GAP .ChoiceStructure .c4, .Skin .GAP .ChoiceStructure th, .Skin .GAP .ChoiceStructure .WhyText, .SkinInner .ChoiceStructure .LightBG, .Skin .QuestionOuter.Highlight .Inner .reg, .Skin .QuestionOuter.Highlight .Inner .alt, .Skin .QuestionOuter.Highlight .Inner .ReadableAlt       ","styles":{"fontFamily":null,"fontSize":null,"fontWeight":null,"fontStyle":null,"textDecoration":null,"color":null}},"headerStyles":{"selector":".Skin div#Header","styles":{"color":null}},"footerStyles":{"selector":".Skin #Footer","styles":{"color":null}},"questionSeparatorStyles":{"selector":".Skin .Separator","styles":{"backgroundColor":null,"display":"block"}},"highlightStyles":{"selector":".Skin .QuestionOuter.Highlight .Inner, .Skin .QuestionOuter.Highlight .Inner .reg, .Skin .QuestionOuter.Highlight .Inner .alt, .Skin .QuestionOuter.Highlight .Inner .ReadableAlt","styles":{"backgroundColor":null}},"highlightStylesAlt":{"selector":".Skin .QuestionOuter.Highlight .Inner .ReadableAlt, .Skin .QuestionOuter.Highlight .Inner .LightBG","styles":{"backgroundColor":null}},"textEntryStyles":{"selector":".Skin select, .Skin .InputText","styles":{"color":null}},"borderStyles":{"selector":".Skin .CS .horizontalbar table.sliderGrid tr.xlabel th, .Skin .CS .horizontalbar .ylabel, .Skin .CS .horizontalbar table.sliderGrid tr td.value, .Skin .Slider .horizontalbar table.sliderGrid tr.xlabel th, .Skin .BorderColor, .Skin .DarkBorderColor, .Skin .Slider .horizontalbar table.sliderGrid tr td.value, .Skin thead, .Skin .GAP .ChoiceStructure thead th  ","styles":{"borderColor":null}},"altRowStyles":{"selector":".Skin .ReadableAlt, .Skin .LightBG","styles":{"backgroundColor":null}},"customCSS":"\/* Place your CSS here *\/\nhtml .CSS3 .Skin #Logo {\n\t\/* margin-left: auto;\n    margin-right: auto; *\/\n    width: 12em;\n}"},"HighlightQuestions":"on","ProtectSelectionIds":true,"PageTransition":"None","SecureResponseFiles":"false","ActiveResponseSet":null}},{"SurveyID":"SV_6u5wIQHbVFjO8VT","Element":"SCO","PrimaryAttribute":"Scoring","SecondaryAttribute":null,"TertiaryAttribute":null,"Payload":{"ScoringCategories":[],"ScoringCategoryGroups":[],"ScoringSummaryCategory":null,"ScoringSummaryAfterQuestions":0,"ScoringSummaryAfterSurvey":0,"DefaultScoringCategory":null,"AutoScoringCategory":null}},{"SurveyID":"SV_6u5wIQHbVFjO8VT","Element":"STAT","PrimaryAttribute":"Survey Statistics","SecondaryAttribute":null,"TertiaryAttribute":null,"Payload":{"MobileCompatible":false,"ID":"Survey Statistics"}},{"SurveyID":"SV_6u5wIQHbVFjO8VT","Element":"PROJ","PrimaryAttribute":"CORE","SecondaryAttribute":"1.0.0","TertiaryAttribute":null,"Payload":null},{"SurveyID":"SV_6u5wIQHbVFjO8VT","Element":"QC","PrimaryAttribute":"Survey Question Count","SecondaryAttribute":"111","TertiaryAttribute":null,"Payload":null},{"SurveyID":"SV_6u5wIQHbVFjO8VT","Element":"SQ","PrimaryAttribute":"QID110","SecondaryAttribute":"Browser Meta Info","TertiaryAttribute":null,"Payload":{"QuestionText":"Browser Meta Info","DefaultChoices":false,"DataExportTag":"Q1","QuestionType":"Meta","Selector":"Browser","Configuration":{"QuestionDescriptionOption":"UseText"},"QuestionDescription":"Browser Meta Info","Choices":{"1":{"Display":"Browser","TextEntry":1},"2":{"Display":"Version","TextEntry":1},"3":{"Display":"Operating System","TextEntry":1},"4":{"Display":"Screen Resolution","TextEntry":1},"5":{"Display":"Flash Version","TextEntry":1},"6":{"Display":"Java Support","TextEntry":1},"7":{"Display":"User Agent","TextEntry":1}},"GradingData":[],"Language":[],"QuestionID":"QID110","QuestionText_Unsafe":"Browser Meta Info"}},{"SurveyID":"SV_6u5wIQHbVFjO8VT","Element":"RS","PrimaryAttribute":"RS_cYC3ukUbq7BymzP","SecondaryAttribute":"Default Response Set","TertiaryAttribute":null,"Payload":null},{"SurveyID":"SV_6u5wIQHbVFjO8VT","Element":"SQ","PrimaryAttribute":"QID85","SecondaryAttribute":"\u05d0\u05e8\u05d1\u05e2 \u05e1\u05e4\u05e8\u05d5\u05ea \u05d0\u05d7\u05e8\u05d5\u05e0\u05d5\u05ea \u05e9\u05dc \u05ea\u05e2\u05d5\u05d3\u05ea \u05d4\u05d6\u05d4\u05d5\u05ea:","TertiaryAttribute":null,"Payload":{"QuestionText":"\u05d0\u05e8\u05d1\u05e2 \u05e1\u05e4\u05e8\u05d5\u05ea \u05d0\u05d7\u05e8\u05d5\u05e0\u05d5\u05ea \u05e9\u05dc \u05ea\u05e2\u05d5\u05d3\u05ea \u05d4\u05d6\u05d4\u05d5\u05ea:","DefaultChoices":false,"DataExportTag":"Q4","QuestionType":"TE","Selector":"SL","Configuration":{"QuestionDescriptionOption":"UseText"},"QuestionDescription":"\u05d0\u05e8\u05d1\u05e2 \u05e1\u05e4\u05e8\u05d5\u05ea \u05d0\u05d7\u05e8\u05d5\u05e0\u05d5\u05ea \u05e9\u05dc \u05ea\u05e2\u05d5\u05d3\u05ea \u05d4\u05d6\u05d4\u05d5\u05ea:","Validation":{"Settings":{"ForceResponse":"ON","ForceResponseType":"ON","Type":"ContentType","ContentType":"ValidNumber","ValidDateType":"DateWithFormat","ValidPhoneType":"ValidUSPhone","ValidZipType":"ValidUSZip","ValidNumber":{"Min":"0001","Max":"9999","NumDecimals":"0"}}},"GradingData":[],"Language":[],"QuestionID":"QID85","QuestionText_Unsafe":"\u05d0\u05e8\u05d1\u05e2 \u05e1\u05e4\u05e8\u05d5\u05ea \u05d0\u05d7\u05e8\u05d5\u05e0\u05d5\u05ea \u05e9\u05dc \u05ea\u05e2\u05d5\u05d3\u05ea \u05d4\u05d6\u05d4\u05d5\u05ea:"}},{"SurveyID":"SV_6u5wIQHbVFjO8VT","Element":"SQ","PrimaryAttribute":"QID96","SecondaryAttribute":"\u05e9\u05dc\u05d5\u05dd \u05e8\u05d1, \u05d0\u05e0\u05d5 \u05de\u05d5\u05d3\u05d9\u05dd \u05dc\u05da \u05e9\u05d5\u05d1 \u05e2\u05dc \u05e0\u05db\u05d5\u05e0\u05d5\u05ea\u05da \u05dc\u05e7\u05d7\u05ea \u05d7\u05dc\u05e7 \u05d1\u05de\u05d7\u05e7\u05e8. \u05d4\u05e9\u05ea","TertiaryAttribute":null,"Payload":{"QuestionText":"<p>\u05e9\u05dc\u05d5\u05dd \u05e8\u05d1,<\/p>\n\n<p>\u05d0\u05e0\u05d5 \u05de\u05d5\u05d3\u05d9\u05dd \u05dc\u05da \u05e9\u05d5\u05d1 \u05e2\u05dc \u05e0\u05db\u05d5\u05e0\u05d5\u05ea\u05da \u05dc\u05e7\u05d7\u05ea \u05d7\u05dc\u05e7 \u05d1\u05de\u05d7\u05e7\u05e8. \u05d4\u05e9\u05ea\u05ea\u05e4\u05d5\u05ea\u05da \u05d4\u05d9\u05e0\u05d4 \u05de\u05e9\u05de\u05e2\u05d5\u05ea\u05d9\u05ea \u05d5\u05ea\u05d5\u05e8\u05de\u05ea \u05e8\u05d1\u05d5\u05ea \u05dc\u05d4\u05d1\u05e0\u05ea \u05e0\u05d5\u05e9\u05d0 \u05d7\u05e9\u05d5\u05d1 \u05d6\u05d4.&nbsp;<\/p>\n\n<p>\u05d1\u05e2\u05de\u05d5\u05d3\u05d9\u05dd \u05d4\u05d1\u05d0\u05d9\u05dd \u05d9\u05d5\u05e4\u05d9\u05e2\u05d5&nbsp;\u05e9\u05d0\u05dc\u05d5\u05e0\u05d9 \u05d4\u05de\u05d7\u05e7\u05e8, \u05d4\u05db\u05d5\u05dc\u05dc\u05d9\u05dd \u05e4\u05e8\u05d9\u05d8\u05d9\u05dd \u05d0\u05d5\u05d3\u05d5\u05ea \u05ea\u05d7\u05d5\u05e9\u05d5\u05ea, \u05d7\u05d5\u05d5\u05d9\u05d5\u05ea \u05d0\u05d5 \u05d0\u05d9\u05e8\u05d5\u05e2\u05d9\u05dd \u05e9\u05d0\u05e0\u05e9\u05d9\u05dd \u05d7\u05d5\u05d5\u05d9\u05dd \u05dc\u05e2\u05d9\u05ea\u05d9\u05dd \u05d5\u05e9\u05d0\u05dc\u05d5\u05ea \u05d0\u05d5\u05d3\u05d5\u05ea \u05de\u05d0\u05e4\u05d9\u05d9\u05e0\u05d9 \u05d0\u05d9\u05e9\u05d9\u05d5\u05ea \u05e9\u05d5\u05e0\u05d9\u05dd.<\/p>\n\n<p>\u05d7\u05dc\u05e7 \u05de\u05d4\u05e9\u05d0\u05dc\u05d5\u05ea \u05d4\u05d9\u05e0\u05df \u05d1\u05e2\u05dc\u05d5\u05ea \u05d0\u05d5\u05e4\u05d9 \u05d0\u05d9\u05e9\u05d9 \u05d5\u05e0\u05e9\u05de\u05d7 \u05d0\u05dd \u05ea\u05d5\u05db\u05dc\/\u05d9 \u05dc\u05e2\u05e0\u05d5\u05ea \u05d1\u05e6\u05d5\u05e8\u05d4 \u05db\u05e0\u05d4 \u05db\u05db\u05dc \u05d4\u05d0\u05e4\u05e9\u05e8.<\/p>\n\n<p>\u05d7\u05e9\u05d5\u05d1 \u05dc\u05d4\u05d3\u05d2\u05d9\u05e9 \u05e9\u05d5\u05d1 \u05db\u05d9 \u05d4\u05e0\u05ea\u05d5\u05e0\u05d9\u05dd \u05e9\u05d9\u05d0\u05e1\u05e4\u05d5 \u05d4\u05dd \u05d7\u05e1\u05d5\u05d9\u05d9\u05dd \u05d5\u05d9\u05d4\u05d9\u05d5 \u05d2\u05dc\u05d5\u05d9\u05d9\u05dd \u05e8\u05e7 \u05dc\u05e2\u05d5\u05e8\u05db\u05d9 \u05d4\u05de\u05d7\u05e7\u05e8.<\/p>\n\n<p>\u05d1\u05de\u05d9\u05d3\u05d4 \u05d5\u05ea\u05d4\u05d9\u05d9\u05e0\u05d4 \u05e9\u05d0\u05dc\u05d5\u05ea \u05d1\u05de\u05d4\u05dc\u05da \u05de\u05d9\u05dc\u05d5\u05d9 \u05d4\u05e9\u05d0\u05dc\u05d5\u05e0\u05d9\u05dd - \u05d0\u05ea\/\u05d4 \u05de\u05d5\u05d6\u05de\u05e0\/\u05ea \u05dc\u05e4\u05e0\u05d5\u05ea \u05dc\u05de\u05d9\u05db\u05d0\u05dc \u05e4\u05d9\u05e0\u05d5\u05e1. \u05db\u05de\u05d5 \u05db\u05df, \u05d1\u05de\u05d9\u05d3\u05d4 \u05d5\u05d4\u05de\u05d7\u05e7\u05e8 \u05d9\u05d2\u05e8\u05d5\u05dd \u05dc\u05da \u05dc\u05e1\u05d1\u05dc \u05d0\u05d5 \u05d9\u05e4\u05d2\u05e2 \u05d1\u05e8\u05d2\u05e9\u05d5\u05ea\u05d9\u05da \u05ea\u05d5\u05db\u05dc\/\u05d9 \u05dc\u05d4\u05e4\u05e1\u05d9\u05e7 \u05d0\u05ea \u05d4\u05d4\u05e9\u05ea\u05ea\u05e4\u05d5\u05ea \u05d1\u05d5 \u05d1\u05db\u05dc \u05e9\u05dc\u05d1. \u05d4\u05ea\u05e9\u05dc\u05d5\u05dd \u05e9\u05ea\u05e7\u05d1\u05dc\/\u05d9 \u05d9\u05d4\u05d9\u05d4 \u05e4\u05e8\u05d5\u05e4\u05d5\u05e8\u05e6\u05d9\u05d5\u05e0\u05d0\u05dc\u05d9 \u05dc\u05de\u05e9\u05da \u05d4\u05e9\u05ea\u05ea\u05e4\u05d5\u05ea\u05da.&nbsp;<\/p><p>\u05de\u05e1\u05e4\u05e8 \u05d9\u05de\u05d9\u05dd \u05dc\u05d0\u05d7\u05e8 \u05de\u05d9\u05dc\u05d5\u05d9 \u05d4\u05e9\u05d0\u05dc\u05d5\u05df \u05e0\u05d9\u05e6\u05d5\u05e8 \u05e2\u05de\u05da \u05e7\u05e9\u05e8 \u05e2\u05dc \u05de\u05e0\u05ea \u05dc\u05ea\u05d0\u05dd \u05de\u05d5\u05e2\u05d3 \u05dc\u05e7\u05d1\u05dc\u05ea \u05d4\u05ea\u05e9\u05dc\u05d5\u05dd.<\/p><p><br><\/p><p>\u05d7\u05e9\u05d5\u05d1 \u05dc\u05e0\u05d5 \u05dc\u05d4\u05d6\u05db\u05d9\u05e8 \u05db\u05d9 \u05d0\u05d7\u05d3 \u05de\u05e9\u05d0\u05dc\u05d5\u05e0\u05d9 \u05d4\u05de\u05d7\u05e7\u05e8, \u05d4\u05e7\u05e8\u05d5\u05d9 BSI, \u05db\u05d5\u05dc\u05dc \u05e9\u05d0\u05dc\u05d4 \u05e2\u05dc \u05de\u05d7\u05e9\u05d1\u05d5\u05ea \u05d0\u05d5\u05d1\u05d3\u05e0\u05d9\u05d5\u05ea \u05d5\u05e9\u05d0\u05dc\u05d4 \u05d0\u05d7\u05ea \u05e2\u05dc \u05db\u05d5\u05d5\u05e0\u05d5\u05ea \u05e4\u05d2\u05d9\u05e2\u05d4 \u05d1\u05d0\u05d7\u05e8\u05d9\u05dd. \u05d1\u05d0\u05dd \u05ea\u05d3\u05d5\u05d5\u05d7\/\u05d9 \u05db\u05d9 \u05d0\u05ea\/\u05d4 \u05d7\u05d5\u05d5\u05d4 \u05de\u05d7\u05e9\u05d1\u05d5\u05ea \u05d5\u05db\u05d5\u05d5\u05e0\u05d5\u05ea \u05d0\u05dc\u05d4 \u05d1\u05e2\u05d5\u05e6\u05de\u05d4 \u05e8\u05d1\u05d4, \u05e2\u05d5\u05e8\u05db\u05d9 \u05d4\u05de\u05d7\u05e7\u05e8 \u05d9\u05e6\u05e8\u05d5 \u05e2\u05de\u05da \u05e7\u05e9\u05e8 \u05d1\u05db\u05d3\u05d9 \u05dc\u05d1\u05e8\u05e8 \u05d0\u05ea \u05d7\u05d5\u05de\u05e8\u05ea \u05d4\u05de\u05d7\u05e9\u05d1\u05d5\u05ea \u05d5\u05d4\u05db\u05d5\u05d5\u05e0\u05d5\u05ea \u05d4\u05dc\u05dc\u05d5. \u05d1\u05de\u05e7\u05e8\u05d4 \u05e9\u05dc \u05e1\u05db\u05e0\u05d4 \u05d7\u05de\u05d5\u05e8\u05d4 \u05d5\u05de\u05d9\u05d9\u05d3\u05d9\u05ea, \u05e0\u05d0\u05dc\u05e5 \u05dc\u05d4\u05ea\u05e2\u05e8\u05d1 \u05d1\u05db\u05d3\u05d9 \u05dc\u05de\u05e0\u05d5\u05e2 \u05d1\u05e4\u05d2\u05d9\u05e2\u05d4 \u05d1\u05e2\u05e6\u05de\u05da \u05d0\u05d5 \u05d1\u05d0\u05d3\u05dd \u05d0\u05d7\u05e8. \u05db\u05de\u05d5 \u05db\u05df, \u05d0\u05dd \u05d0\u05ea\/\u05d4 \u05d7\u05e9\/\u05d4 \u05db\u05d9 \u05d4\u05de\u05d7\u05e7\u05e8 \u05d2\u05d5\u05e8\u05dd \u05dc\u05da \u05dc\u05de\u05e6\u05d5\u05e7\u05d4 \u05e0\u05d9\u05ea\u05df \u05d5\u05d0\u05e3 \u05e8\u05e6\u05d5\u05d9 \u05dc\u05e4\u05e0\u05d5\u05ea \u05dc\u05e4\u05e8\u05d5\u05e4' \u05d2\u05d5\u05dc\u05df \u05e9\u05d7\u05e8, \u05d1\u05d8\u05dc\u05e4\u05d5\u05df 6472057- 08.<\/p><p>&nbsp;<\/p><p><\/p><p>\u05ea\u05d5\u05d3\u05d4 \u05e8\u05d1\u05d4!<\/p>\n\n<p>\u05de\u05d9\u05db\u05d0\u05dc \u05e4\u05d9\u05e0\u05d5\u05e1, pinusm@post.bgu.ac.il<\/p><p>\u05e4\u05e8\u05d5\u05e4' \u05d2\u05d5\u05dc\u05df \u05e9\u05d7\u05e8, shaharg@bgu.ac.il<\/p><p>\u05d3\"\u05e8 \u05d9\u05d5\u05d0\u05d1 \u05d1\u05e8-\u05e2\u05e0\u05df, baranany@bgu.ac.il<\/p>","DefaultChoices":false,"DataExportTag":"Q2","QuestionType":"DB","Selector":"TB","Configuration":{"QuestionDescriptionOption":"UseText"},"QuestionDescription":"\u05e9\u05dc\u05d5\u05dd \u05e8\u05d1, \u05d0\u05e0\u05d5 \u05de\u05d5\u05d3\u05d9\u05dd \u05dc\u05da \u05e9\u05d5\u05d1 \u05e2\u05dc \u05e0\u05db\u05d5\u05e0\u05d5\u05ea\u05da \u05dc\u05e7\u05d7\u05ea \u05d7\u05dc\u05e7 \u05d1\u05de\u05d7\u05e7\u05e8. \u05d4\u05e9\u05ea\u05ea\u05e4\u05d5\u05ea\u05da \u05d4\u05d9\u05e0\u05d4 \u05de\u05e9\u05de\u05e2\u05d5\u05ea\u05d9\u05ea \u05d5\u05ea\u05d5\u05e8\u05de\u05ea \u05e8\u05d1\u05d5\u05ea \u05dc\u05d4\u05d1\u05e0\u05ea \u05e0\u05d5\u05e9...","ChoiceOrder":[],"Validation":{"Settings":{"Type":"None"}},"GradingData":[],"Language":[],"QuestionID":"QID96","QuestionText_Unsafe":"<p>\u05e9\u05dc\u05d5\u05dd \u05e8\u05d1,<\/p>\n\n<p>\u05d0\u05e0\u05d5 \u05de\u05d5\u05d3\u05d9\u05dd \u05dc\u05da \u05e9\u05d5\u05d1 \u05e2\u05dc \u05e0\u05db\u05d5\u05e0\u05d5\u05ea\u05da \u05dc\u05e7\u05d7\u05ea \u05d7\u05dc\u05e7 \u05d1\u05de\u05d7\u05e7\u05e8. \u05d4\u05e9\u05ea\u05ea\u05e4\u05d5\u05ea\u05da \u05d4\u05d9\u05e0\u05d4 \u05de\u05e9\u05de\u05e2\u05d5\u05ea\u05d9\u05ea \u05d5\u05ea\u05d5\u05e8\u05de\u05ea \u05e8\u05d1\u05d5\u05ea \u05dc\u05d4\u05d1\u05e0\u05ea \u05e0\u05d5\u05e9\u05d0 \u05d7\u05e9\u05d5\u05d1 \u05d6\u05d4.&nbsp;<\/p>\n\n<p>\u05d1\u05e2\u05de\u05d5\u05d3\u05d9\u05dd \u05d4\u05d1\u05d0\u05d9\u05dd \u05d9\u05d5\u05e4\u05d9\u05e2\u05d5&nbsp;\u05e9\u05d0\u05dc\u05d5\u05e0\u05d9 \u05d4\u05de\u05d7\u05e7\u05e8, \u05d4\u05db\u05d5\u05dc\u05dc\u05d9\u05dd \u05e4\u05e8\u05d9\u05d8\u05d9\u05dd \u05d0\u05d5\u05d3\u05d5\u05ea \u05ea\u05d7\u05d5\u05e9\u05d5\u05ea, \u05d7\u05d5\u05d5\u05d9\u05d5\u05ea \u05d0\u05d5 \u05d0\u05d9\u05e8\u05d5\u05e2\u05d9\u05dd \u05e9\u05d0\u05e0\u05e9\u05d9\u05dd \u05d7\u05d5\u05d5\u05d9\u05dd \u05dc\u05e2\u05d9\u05ea\u05d9\u05dd \u05d5\u05e9\u05d0\u05dc\u05d5\u05ea \u05d0\u05d5\u05d3\u05d5\u05ea \u05de\u05d0\u05e4\u05d9\u05d9\u05e0\u05d9 \u05d0\u05d9\u05e9\u05d9\u05d5\u05ea \u05e9\u05d5\u05e0\u05d9\u05dd.<\/p>\n\n<p>\u05d7\u05dc\u05e7 \u05de\u05d4\u05e9\u05d0\u05dc\u05d5\u05ea \u05d4\u05d9\u05e0\u05df \u05d1\u05e2\u05dc\u05d5\u05ea \u05d0\u05d5\u05e4\u05d9 \u05d0\u05d9\u05e9\u05d9 \u05d5\u05e0\u05e9\u05de\u05d7 \u05d0\u05dd \u05ea\u05d5\u05db\u05dc\/\u05d9 \u05dc\u05e2\u05e0\u05d5\u05ea \u05d1\u05e6\u05d5\u05e8\u05d4 \u05db\u05e0\u05d4 \u05db\u05db\u05dc \u05d4\u05d0\u05e4\u05e9\u05e8.<\/p>\n\n<p>\u05d7\u05e9\u05d5\u05d1 \u05dc\u05d4\u05d3\u05d2\u05d9\u05e9 \u05e9\u05d5\u05d1 \u05db\u05d9 \u05d4\u05e0\u05ea\u05d5\u05e0\u05d9\u05dd \u05e9\u05d9\u05d0\u05e1\u05e4\u05d5 \u05d4\u05dd \u05d7\u05e1\u05d5\u05d9\u05d9\u05dd \u05d5\u05d9\u05d4\u05d9\u05d5 \u05d2\u05dc\u05d5\u05d9\u05d9\u05dd \u05e8\u05e7 \u05dc\u05e2\u05d5\u05e8\u05db\u05d9 \u05d4\u05de\u05d7\u05e7\u05e8.<\/p>\n\n<p>\u05d1\u05de\u05d9\u05d3\u05d4 \u05d5\u05ea\u05d4\u05d9\u05d9\u05e0\u05d4 \u05e9\u05d0\u05dc\u05d5\u05ea \u05d1\u05de\u05d4\u05dc\u05da \u05de\u05d9\u05dc\u05d5\u05d9 \u05d4\u05e9\u05d0\u05dc\u05d5\u05e0\u05d9\u05dd - \u05d0\u05ea\/\u05d4 \u05de\u05d5\u05d6\u05de\u05e0\/\u05ea \u05dc\u05e4\u05e0\u05d5\u05ea \u05dc\u05de\u05d9\u05db\u05d0\u05dc \u05e4\u05d9\u05e0\u05d5\u05e1. \u05db\u05de\u05d5 \u05db\u05df, \u05d1\u05de\u05d9\u05d3\u05d4 \u05d5\u05d4\u05de\u05d7\u05e7\u05e8 \u05d9\u05d2\u05e8\u05d5\u05dd \u05dc\u05da \u05dc\u05e1\u05d1\u05dc \u05d0\u05d5 \u05d9\u05e4\u05d2\u05e2 \u05d1\u05e8\u05d2\u05e9\u05d5\u05ea\u05d9\u05da \u05ea\u05d5\u05db\u05dc\/\u05d9 \u05dc\u05d4\u05e4\u05e1\u05d9\u05e7 \u05d0\u05ea \u05d4\u05d4\u05e9\u05ea\u05ea\u05e4\u05d5\u05ea \u05d1\u05d5 \u05d1\u05db\u05dc \u05e9\u05dc\u05d1. \u05d4\u05ea\u05e9\u05dc\u05d5\u05dd \u05e9\u05ea\u05e7\u05d1\u05dc\u05d9 \u05d9\u05d4\u05d9\u05d4 \u05e4\u05e8\u05d5\u05e4\u05d5\u05e8\u05e6\u05d9\u05d5\u05e0\u05d0\u05dc\u05d9 \u05dc\u05de\u05e9\u05da \u05d4\u05e9\u05ea\u05ea\u05e4\u05d5\u05ea\u05da.&nbsp;<\/p><p>\u05de\u05e1\u05e4\u05e8 \u05d9\u05de\u05d9\u05dd \u05dc\u05d0\u05d7\u05e8 \u05de\u05d9\u05dc\u05d5\u05d9 \u05d4\u05e9\u05d0\u05dc\u05d5\u05df \u05d9\u05d9\u05e6\u05d5\u05e8 \u05d0\u05d9\u05ea\u05da \u05e7\u05e9\u05e8 \u05de\u05d9\u05db\u05d0\u05dc \u05e4\u05d9\u05e0\u05d5\u05e1, \u05e2\u05dc \u05de\u05e0\u05ea \u05dc\u05ea\u05d0\u05dd \u05d0\u05ea \u05e7\u05d1\u05dc\u05ea \u05d4\u05ea\u05e9\u05dc\u05d5\u05dd \u05e2\u05d1\u05d5\u05e8 \u05d4\u05e9\u05ea\u05ea\u05e4\u05d5\u05ea\u05da \u05d1\u05e0\u05d9\u05e1\u05d5\u05d9.<\/p><p><br><\/p><p>\u05d7\u05e9\u05d5\u05d1 \u05dc\u05e0\u05d5 \u05dc\u05d4\u05d6\u05db\u05d9\u05e8 \u05db\u05d9 \u05d0\u05d7\u05d3 \u05de\u05e9\u05d0\u05dc\u05d5\u05e0\u05d9 \u05d4\u05de\u05d7\u05e7\u05e8, \u05d4\u05e7\u05e8\u05d5\u05d9 BSI, \u05db\u05d5\u05dc\u05dc \u05e9\u05d0\u05dc\u05d4 \u05e2\u05dc \u05de\u05d7\u05e9\u05d1\u05d5\u05ea \u05d0\u05d5\u05d1\u05d3\u05e0\u05d9\u05d5\u05ea \u05d5\u05e9\u05d0\u05dc\u05d4 \u05d0\u05d7\u05ea \u05e2\u05dc \u05db\u05d5\u05d5\u05e0\u05d5\u05ea \u05e4\u05d2\u05d9\u05e2\u05d4 \u05d1\u05d0\u05d7\u05e8\u05d9\u05dd. \u05d1\u05d0\u05dd \u05ea\u05d3\u05d5\u05d5\u05d7\/\u05d9 \u05db\u05d9 \u05d0\u05ea\/\u05d4 \u05d7\u05d5\u05d5\u05d4 \u05de\u05d7\u05e9\u05d1\u05d5\u05ea \u05d5\u05db\u05d5\u05d5\u05e0\u05d5\u05ea \u05d0\u05dc\u05d4 \u05d1\u05e2\u05d5\u05e6\u05de\u05d4 \u05e8\u05d1\u05d4, \u05e2\u05d5\u05e8\u05db\u05d9 \u05d4\u05de\u05d7\u05e7\u05e8 \u05d9\u05e6\u05e8\u05d5 \u05e2\u05de\u05da \u05e7\u05e9\u05e8 \u05d1\u05db\u05d3\u05d9 \u05dc\u05d1\u05e8\u05e8 \u05d0\u05ea \u05d7\u05d5\u05de\u05e8\u05ea \u05d4\u05de\u05d7\u05e9\u05d1\u05d5\u05ea \u05d5\u05d4\u05db\u05d5\u05d5\u05e0\u05d5\u05ea \u05d4\u05dc\u05dc\u05d5. \u05d1\u05de\u05e7\u05e8\u05d4 \u05e9\u05dc \u05e1\u05db\u05e0\u05d4 \u05d7\u05de\u05d5\u05e8\u05d4 \u05d5\u05de\u05d9\u05d9\u05d3\u05d9\u05ea, \u05e0\u05d0\u05dc\u05e5 \u05dc\u05d4\u05ea\u05e2\u05e8\u05d1 \u05d1\u05db\u05d3\u05d9 \u05dc\u05de\u05e0\u05d5\u05e2 \u05d1\u05e4\u05d2\u05d9\u05e2\u05d4 \u05d1\u05e2\u05e6\u05de\u05da \u05d0\u05d5 \u05d1\u05d0\u05d3\u05dd \u05d0\u05d7\u05e8. \u05db\u05de\u05d5 \u05db\u05df, \u05d0\u05dd \u05d0\u05ea\/\u05d4 \u05d7\u05e9\/\u05d4 \u05db\u05d9 \u05d4\u05de\u05d7\u05e7\u05e8 \u05d2\u05d5\u05e8\u05dd \u05dc\u05da \u05dc\u05de\u05e6\u05d5\u05e7\u05d4 \u05e0\u05d9\u05ea\u05df \u05d5\u05d0\u05e3 \u05e8\u05e6\u05d5\u05d9 \u05dc\u05e4\u05e0\u05d5\u05ea \u05dc\u05e4\u05e8\u05d5\u05e4' \u05d2\u05d5\u05dc\u05df \u05e9\u05d7\u05e8, \u05d1\u05d8\u05dc\u05e4\u05d5\u05df 6472057- 08.<\/p><p>&nbsp;<\/p><p><\/p><p>\u05ea\u05d5\u05d3\u05d4 \u05e8\u05d1\u05d4!<\/p>\n\n<p>\u05de\u05d9\u05db\u05d0\u05dc \u05e4\u05d9\u05e0\u05d5\u05e1, pinusm@post.bgu.ac.il<\/p><p>\u05e4\u05e8\u05d5\u05e4' \u05d2\u05d5\u05dc\u05df \u05e9\u05d7\u05e8, shaharg@bgu.ac.il<\/p><p>\u05d3\"\u05e8 \u05d9\u05d5\u05d0\u05d1 \u05d1\u05e8-\u05e2\u05e0\u05df, baranany@bgu.ac.il<\/p>"}},{"SurveyID":"SV_6u5wIQHbVFjO8VT","Element":"SQ","PrimaryAttribute":"QID84","SecondaryAttribute":"\u05ea\u05d5\u05d3\u05d4 \u05e2\u05dc \u05d4\u05e1\u05db\u05de\u05ea\u05da \u05dc\u05d4\u05e9\u05ea\u05ea\u05e3 \u05d1\u05de\u05d7\u05e7\u05e8. \u05de\u05d9\u05dc\u05d5\u05d9 \u05d4\u05e9\u05d0\u05dc\u05d5\u05df \u05d9\u05d9\u05e7\u05d7 \u05db-10 \u05d3\u05e7\u05d5\u05ea.","TertiaryAttribute":null,"Payload":{"QuestionText":"\u05ea\u05d5\u05d3\u05d4 \u05e2\u05dc \u05d4\u05e1\u05db\u05de\u05ea\u05da \u05dc\u05d4\u05e9\u05ea\u05ea\u05e3 \u05d1\u05de\u05d7\u05e7\u05e8.<div>\u05de\u05d9\u05dc\u05d5\u05d9 \u05d4\u05e9\u05d0\u05dc\u05d5\u05df \u05d9\u05d9\u05e7\u05d7 \u05db-10 \u05d3\u05e7\u05d5\u05ea.<\/div><div>\u05d0\u05e0\u05d0 \u05d5\u05d5\u05d3\u05d0\/\u05d9 \u05e9\u05ea\u05d5\u05db\u05dc\/\u05d9 \u05dc\u05d4\u05e7\u05d3\u05d9\u05e9 \u05db\u05e2\u05ea 10 \u05d3\u05e7\u05d5\u05ea \u05dc\u05de\u05d9\u05dc\u05d5\u05d9 \u05d4\u05e9\u05d0\u05dc\u05d5\u05df, \u05de\u05d1\u05dc\u05d9 \u05d4\u05e4\u05e8\u05e2\u05d5\u05ea \u05d5\u05d4\u05e1\u05d7\u05d5\u05ea \u05d3\u05e2\u05ea.<\/div><div>\u05d0\u05e0\u05d0 \u05d4\u05e9\u05ea\u05d3\u05dc\/\u05d9 \u05dc\u05e2\u05e0\u05d5\u05ea \u05e2\u05dc \u05db\u05dc \u05d4\u05e9\u05d0\u05dc\u05d5\u05ea \u05d1\u05db\u05e0\u05d5\u05ea.<\/div>","DefaultChoices":false,"DataExportTag":"Q3","QuestionType":"DB","Selector":"TB","Configuration":{"QuestionDescriptionOption":"UseText"},"QuestionDescription":"\u05ea\u05d5\u05d3\u05d4 \u05e2\u05dc \u05d4\u05e1\u05db\u05de\u05ea\u05da \u05dc\u05d4\u05e9\u05ea\u05ea\u05e3 \u05d1\u05de\u05d7\u05e7\u05e8. \u05de\u05d9\u05dc\u05d5\u05d9 \u05d4\u05e9\u05d0\u05dc\u05d5\u05df \u05d9\u05d9\u05e7\u05d7 \u05db-10 \u05d3\u05e7\u05d5\u05ea. \u05d0\u05e0\u05d0 \u05d5\u05d5\u05d3\u05d0\/\u05d9 \u05e9\u05ea\u05d5\u05db\u05dc\/\u05d9 \u05dc\u05d4\u05e7\u05d3\u05d9\u05e9 \u05db\u05e2\u05ea 10 \u05d3\u05e7\u05d5\u05ea \u05dc...","ChoiceOrder":[],"Validation":{"Settings":{"Type":"None"}},"GradingData":[],"Language":[],"QuestionID":"QID84","QuestionText_Unsafe":"\u05ea\u05d5\u05d3\u05d4 \u05e2\u05dc \u05d4\u05e1\u05db\u05de\u05ea\u05da \u05dc\u05d4\u05e9\u05ea\u05ea\u05e3 \u05d1\u05de\u05d7\u05e7\u05e8.<div>\u05de\u05d9\u05dc\u05d5\u05d9 \u05d4\u05e9\u05d0\u05dc\u05d5\u05df \u05d9\u05d9\u05e7\u05d7 \u05db-15 \u05d3\u05e7\u05d5\u05ea.<\/div><div>\u05d0\u05e0\u05d0 \u05d5\u05d5\u05d3\u05d0\/\u05d9 \u05e9\u05ea\u05d5\u05db\u05dc\/\u05d9 \u05dc\u05d4\u05e7\u05d3\u05d9\u05e9 \u05db\u05e2\u05ea 15 \u05d3\u05e7\u05d5\u05ea \u05dc\u05de\u05d9\u05dc\u05d5\u05d9 \u05d4\u05e9\u05d0\u05dc\u05d5\u05df, \u05de\u05d1\u05dc\u05d9 \u05d4\u05e4\u05e8\u05e2\u05d5\u05ea \u05d5\u05d4\u05e1\u05d7\u05d5\u05ea \u05d3\u05e2\u05ea.<\/div><div>\u05d0\u05e0\u05d0 \u05d4\u05e9\u05ea\u05d3\u05dc\/\u05d9 \u05dc\u05e2\u05e0\u05d5\u05ea \u05e2\u05dc \u05db\u05dc \u05d4\u05e9\u05d0\u05dc\u05d5\u05ea \u05d1\u05db\u05e0\u05d5\u05ea.<\/div>"}},{"SurveyID":"SV_6u5wIQHbVFjO8VT","Element":"SQ","PrimaryAttribute":"QID108","SecondaryAttribute":"\u05dc\u05e4\u05e0\u05d9\u05da \u05de\u05e1\u05e4\u05e8 \u05de\u05e9\u05e4\u05d8\u05d9\u05dd \u05d4\u05de\u05ea\u05d0\u05e8\u05d9\u05dd \u05d0\u05ea \u05ea\u05d7\u05d5\u05e9\u05d5\u05ea\u05d9\u05da \u05d1\u05d6\u05de\u05df \u05d4\u05d0\u05d7\u05e8\u05d5\u05df. \u05d0\u05e0\u05d0 ","TertiaryAttribute":null,"Payload":{"QuestionText":"\u05dc\u05e4\u05e0\u05d9\u05da \u05de\u05e1\u05e4\u05e8\n\u05de\u05e9\u05e4\u05d8\u05d9\u05dd \u05d4\u05de\u05ea\u05d0\u05e8\u05d9\u05dd \u05d0\u05ea \u05ea\u05d7\u05d5\u05e9\u05d5\u05ea\u05d9\u05da \u05d1\u05d6\u05de\u05df \u05d4\u05d0\u05d7\u05e8\u05d5\u05df.&nbsp;\u05d0\u05e0\u05d0 \u05e6\u05d9\u05d9\u05e0\/\u05d9 \u05d0\u05ea \u05de\u05d9\u05d3\u05ea \u05d4\u05e1\u05db\u05de\u05ea\u05da \u05e2\u05dd \u05db\u05dc \u05e4\u05e8\u05d9\u05d8.<p><o:p><\/o:p><\/p>","DefaultChoices":false,"DataExportTag":"Q15","QuestionType":"Matrix","Selector":"Likert","SubSelector":"SingleAnswer","Configuration":{"QuestionDescriptionOption":"UseText","TextPosition":"inline","ChoiceColumnWidth":25,"RepeatHeaders":"all","WhiteSpace":"OFF","MobileFirst":false},"QuestionDescription":"\u05dc\u05e4\u05e0\u05d9\u05da \u05de\u05e1\u05e4\u05e8 \u05de\u05e9\u05e4\u05d8\u05d9\u05dd \u05d4\u05de\u05ea\u05d0\u05e8\u05d9\u05dd \u05d0\u05ea \u05ea\u05d7\u05d5\u05e9\u05d5\u05ea\u05d9\u05da \u05d1\u05d6\u05de\u05df \u05d4\u05d0\u05d7\u05e8\u05d5\u05df. \u05d0\u05e0\u05d0 \u05e6\u05d9\u05d9\u05e0\/\u05d9 \u05d0\u05ea \u05de\u05d9\u05d3\u05ea \u05d4\u05e1\u05db\u05de\u05ea\u05da \u05e2\u05dd \u05db\u05dc \u05e4\u05e8\u05d9\u05d8....","Choices":{"90":{"Display":"\u05d1\u05d0\u05d5\u05e4\u05df \u05db\u05dc\u05dc\u05d9, \u05d0\u05e0\u05d9 \u05de\u05e8\u05d5\u05e6\u05d4 \u05de\u05e2\u05e6\u05de\u05d9"},"91":{"Display":"\u05dc\u05e2\u05d9\u05ea\u05d9\u05dd \u05d0\u05e0\u05d9 \u05d7\u05d5\u05e9\u05d1\/\u05ea \u05e9\u05d0\u05e0\u05d9 \u05dc\u05d0 \u05e9\u05d5\u05d5\u05d4 \u05db\u05dc\u05dc"},"92":{"Display":"\u05d0\u05e0\u05d9 \u05de\u05e8\u05d2\u05d9\u05e9\/\u05d4 \u05e9\u05d9\u05e9 \u05dc\u05d9 \u05de\u05e1\u05e4\u05e8 \u05ea\u05db\u05d5\u05e0\u05d5\u05ea \u05d8\u05d5\u05d1\u05d5\u05ea"},"93":{"Display":"\u05d0\u05e0\u05d9 \u05de\u05e1\u05d5\u05d2\u05dc\/\u05ea \u05dc\u05e2\u05e9\u05d5\u05ea \u05d3\u05d1\u05e8\u05d9\u05dd \u05db\u05de\u05d5 \u05e8\u05d1 \u05d4\u05d0\u05e0\u05e9\u05d9\u05dd"},"94":{"Display":"\u05d0\u05e0\u05d9 \u05de\u05e8\u05d2\u05d9\u05e9\/\u05d4 \u05e9\u05d0\u05d9\u05df \u05dc\u05d9 \u05d4\u05e8\u05d1\u05d4 \u05d3\u05d1\u05e8\u05d9\u05dd \u05dc\u05d4\u05ea\u05d2\u05d0\u05d5\u05ea \u05d1\u05d4\u05dd"},"95":{"Display":"\u05d0\u05e0\u05d9 \u05d1\u05d4\u05d7\u05dc\u05d8 \u05de\u05e8\u05d2\u05d9\u05e9\/\u05d4 \u05d7\u05e1\u05e8 \u05ea\u05d5\u05e2\u05dc\u05ea \u05dc\u05e2\u05d9\u05ea\u05d9\u05dd"},"96":{"Display":"\u05d0\u05e0\u05d9 \u05de\u05e8\u05d2\u05d9\u05e9\/\u05d4 \u05e9\u05d0\u05e0\u05d9 \u05d0\u05d3\u05dd \u05d1\u05e2\u05dc \u05e2\u05e8\u05da, \u05dc\u05e4\u05d7\u05d5\u05ea \u05db\u05de\u05d5 \u05d0\u05e0\u05e9\u05d9\u05dd \u05d0\u05d7\u05e8\u05d9\u05dd"},"97":{"Display":"\u05d4\u05dc\u05d5\u05d5\u05d0\u05d9 \u05d5\u05d4\u05d9\u05d4 \u05dc\u05d9 \u05d9\u05d5\u05ea\u05e8 \u05db\u05d1\u05d5\u05d3 \u05db\u05dc\u05e4\u05d9 \u05e2\u05e6\u05de\u05d9 "},"98":{"Display":"\u05e1\u05da \u05d4\u05db\u05d5\u05dc, \u05d0\u05e0\u05d9 \u05e0\u05d5\u05d8\u05d4 \u05dc\u05d4\u05e8\u05d2\u05d9\u05e9 \u05e9\u05d0\u05e0\u05d9 \u05db\u05d9\u05e9\u05dc\u05d5\u05df "},"99":{"Display":"\u05d0\u05e0\u05d9 \u05e0\u05d5\u05e7\u05d8\/\u05ea \u05d1\u05d2\u05d9\u05e9\u05d4 \u05d7\u05d9\u05d5\u05d1\u05d9\u05ea \u05db\u05dc\u05e4\u05d9 \u05e2\u05e6\u05de\u05d9"}},"ChoiceOrder":["90","91","92","93","94","95","96","97","98","99"],"Validation":{"Settings":{"ForceResponse":"OFF","ForceResponseType":"ON","Type":"None"}},"GradingData":[],"Language":[],"ColumnLabels":[{"Display":"\u05de\u05d0\u05d5\u05d3 \u05dc\u05d0 \u05de\u05e1\u05db\u05d9\u05dd","IsLabelDefault":false},{"Display":"\u05dc\u05d0 \u05de\u05e1\u05db\u05d9\u05dd","IsLabelDefault":false},{"Display":"\u05de\u05e1\u05db\u05d9\u05dd","IsLabelDefault":false},{"Display":"\u05de\u05d0\u05d5\u05d3 \u05de\u05e1\u05db\u05d9\u05dd","IsLabelDefault":false}],"Answers":{"2":{"Display":"1"},"3":{"Display":"2"},"4":{"Display":"3"},"5":{"Display":"4"}},"AnswerOrder":[2,3,4,"5"],"ChoiceDataExportTags":false,"QuestionID":"QID108","QuestionText_Unsafe":"\u05dc\u05e4\u05e0\u05d9\u05da \u05de\u05e1\u05e4\u05e8\n\u05de\u05e9\u05e4\u05d8\u05d9\u05dd \u05d4\u05de\u05ea\u05d0\u05e8\u05d9\u05dd \u05d0\u05ea \u05ea\u05d7\u05d5\u05e9\u05d5\u05ea\u05d9\u05da \u05d1\u05d6\u05de\u05df \u05d4\u05d0\u05d7\u05e8\u05d5\u05df.&nbsp;\u05d0\u05e0\u05d0 \u05e6\u05d9\u05d9\u05e0\/\u05d9 \u05d0\u05ea \u05de\u05d9\u05d3\u05ea \u05d4\u05e1\u05db\u05de\u05ea\u05da \u05e2\u05dd \u05db\u05dc \u05e4\u05e8\u05d9\u05d8.<p><o:p><\/o:p><\/p>"}},{"SurveyID":"SV_6u5wIQHbVFjO8VT","Element":"SQ","PrimaryAttribute":"QID107","SecondaryAttribute":"\u05dc\u05e4\u05e0\u05d9\u05da \u05e8\u05e9\u05d9\u05de\u05ea \u05de\u05e9\u05e4\u05d8\u05d9\u05dd, \u05d4\u05de\u05ea\u05d0\u05e8\u05d9\u05dd \u05d0\u05ea \u05d4\u05d3\u05e8\u05da \u05d1\u05d4 \u05d0\u05d5\u05dc\u05d9 \u05d4\u05e8\u05d2\u05e9\u05ea \u05d0\u05d5 \u05d4\u05ea","TertiaryAttribute":null,"Payload":{"QuestionText":"<p>\u05dc\u05e4\u05e0\u05d9\u05da \u05e8\u05e9\u05d9\u05de\u05ea \u05de\u05e9\u05e4\u05d8\u05d9\u05dd, \u05d4\u05de\u05ea\u05d0\u05e8\u05d9\u05dd \u05d0\u05ea \u05d4\u05d3\u05e8\u05da \u05d1\u05d4\n\u05d0\u05d5\u05dc\u05d9 \u05d4\u05e8\u05d2\u05e9\u05ea \u05d0\u05d5 \u05d4\u05ea\u05e0\u05d4\u05d2\u05ea. \u05d0\u05e0\u05d0 \u05e6\u05d9\u05d9\u05e0\/\u05d9 \u05d1\u05d0\u05d9\u05d6\u05d5 \u05ea\u05d3\u05d9\u05e8\u05d5\u05ea \u05d4\u05e8\u05d2\u05e9\u05ea \u05d0\u05d5 \u05d4\u05ea\u05e0\u05d4\u05d2\u05ea \u05db\u05da <u>\u05d1\u05de\u05d4\u05dc\u05da\n\u05d4\u05e9\u05d1\u05d5\u05e2\u05d9\u05d9\u05dd \u05d4\u05d0\u05d7\u05e8\u05d5\u05e0\u05d9\u05dd.<\/u><o:p><\/o:p><\/p>","DefaultChoices":false,"DataExportTag":"Q11","QuestionType":"Matrix","Selector":"Likert","SubSelector":"SingleAnswer","Configuration":{"QuestionDescriptionOption":"UseText","TextPosition":"inline","ChoiceColumnWidth":25,"RepeatHeaders":"all","WhiteSpace":"OFF","MobileFirst":false},"QuestionDescription":"\u05dc\u05e4\u05e0\u05d9\u05da \u05e8\u05e9\u05d9\u05de\u05ea \u05de\u05e9\u05e4\u05d8\u05d9\u05dd, \u05d4\u05de\u05ea\u05d0\u05e8\u05d9\u05dd \u05d0\u05ea \u05d4\u05d3\u05e8\u05da \u05d1\u05d4 \u05d0\u05d5\u05dc\u05d9 \u05d4\u05e8\u05d2\u05e9\u05ea \u05d0\u05d5 \u05d4\u05ea\u05e0\u05d4\u05d2\u05ea. \u05d0\u05e0\u05d0 \u05e6\u05d9\u05d9\u05e0\/\u05d9 \u05d1\u05d0\u05d9\u05d6\u05d5 \u05ea\u05d3\u05d9\u05e8\u05d5\u05ea \u05d4\u05e8\u05d2\u05e9\u05ea \u05d0\u05d5 \u05d4\u05ea\u05e0...","Choices":{"69":{"Display":"\u05d4\u05d9\u05d9\u05ea\u05d9 \u05de\u05d5\u05d8\u05e8\u05d3\/\u05ea \u05d1\u05e9\u05dc \u05d3\u05d1\u05e8\u05d9\u05dd \u05e9\u05d1\u05d3\u05e8\u05da \u05db\u05dc\u05dc \u05dc\u05d0 \u05de\u05d8\u05e8\u05d9\u05d3\u05d9\u05dd \u05d0\u05d5\u05ea\u05d9."},"70":{"Display":"\u05dc\u05d0 \u05d4\u05d9\u05d4 \u05dc\u05d9 \u05d7\u05e9\u05e7 \u05dc\u05d0\u05db\u05d5\u05dc. \u05dc\u05d0 \u05d4\u05d9\u05d4 \u05dc\u05d9 \u05ea\u05d0\u05d1\u05d5\u05df."},"72":{"Display":"\u05d4\u05e8\u05d2\u05e9\u05ea\u05d9 \u05e9\u05d0\u05e0\u05d9 \u05dc\u05d0 \u05d9\u05db\u05d5\u05dc\/\u05d4 \u05dc\u05d4\u05d9\u05e4\u05d8\u05e8 \u05de\u05de\u05e6\u05d1\u05d9 \u05e8\u05d5\u05d7, \u05d0\u05e4\u05d9\u05dc\u05d5 \u05dc\u05d0 \u05d1\u05e2\u05d6\u05e8\u05ea \u05de\u05e9\u05e4\u05d7\u05ea\u05d9 \u05d0\u05d5 \u05d7\u05d1\u05e8\u05d9."},"73":{"Display":"\u05d4\u05e8\u05d2\u05e9\u05ea\u05d9 \u05e9\u05d0\u05e0\u05d9 \u05d8\u05d5\u05d1\/\u05d4 \u05d1\u05d3\u05d9\u05d5\u05e7 \u05db\u05de\u05d5 \u05db\u05dc \u05d0\u05d7\u05d3 \u05d0\u05d7\u05e8."},"74":{"Display":"\u05d4\u05d9\u05d4 \u05dc\u05d9 \u05e7\u05e9\u05d4 \u05dc\u05d4\u05ea\u05e8\u05db\u05d6 \u05d1\u05d3\u05d1\u05e8\u05d9\u05dd \u05e9\u05d0\u05e0\u05d9 \u05e2\u05d5\u05e9\u05d4."},"75":{"Display":"\u05d4\u05e8\u05d2\u05e9\u05ea\u05d9 \u05de\u05d3\u05d5\u05db\u05d0\/\u05ea."},"76":{"Display":"\u05d4\u05e8\u05d2\u05e9\u05ea\u05d9 \u05e9\u05db\u05dc \u05de\u05d4 \u05e9\u05d0\u05e0\u05d9 \u05e2\u05d5\u05e9\u05d4 \u05d3\u05d5\u05e8\u05e9 \u05de\u05d0\u05de\u05e5."},"77":{"Display":"\u05d4\u05e8\u05d2\u05e9\u05ea\u05d9 \u05de\u05dc\u05d0\/\u05ea \u05ea\u05e7\u05d5\u05d5\u05d4 \u05d1\u05e7\u05e9\u05e8 \u05dc\u05e2\u05ea\u05d9\u05d3."},"78":{"Display":"\u05d7\u05e9\u05d1\u05ea\u05d9 \u05e9\u05d7\u05d9\u05d9 \u05d4\u05dd \u05db\u05d9\u05e9\u05dc\u05d5\u05df."},"79":{"Display":"\u05d4\u05e8\u05d2\u05e9\u05ea\u05d9 \u05de\u05e4\u05d5\u05d7\u05d3\/\u05ea."},"80":{"Display":"\u05d4\u05e9\u05d9\u05e0\u05d4 \u05e9\u05dc\u05d9 \u05dc\u05d0 \u05d4\u05d9\u05ea\u05d4 \u05e9\u05e7\u05d8\u05d4."},"81":{"Display":"\u05d4\u05d9\u05d9\u05ea\u05d9 \u05de\u05d0\u05d5\u05e9\u05e8\/\u05ea."},"82":{"Display":"\u05d3\u05d9\u05d1\u05e8\u05ea\u05d9 \u05e4\u05d7\u05d5\u05ea \u05de\u05d4\u05e8\u05d2\u05d9\u05dc."},"83":{"Display":"\u05d4\u05e8\u05d2\u05e9\u05ea\u05d9 \u05d1\u05d5\u05d3\u05d3\/\u05d4."},"84":{"Display":"\u05d0\u05e0\u05e9\u05d9\u05dd \u05dc\u05d0 \u05d4\u05d9\u05d5 \u05d9\u05d3\u05d9\u05d3\u05d5\u05ea\u05d9\u05d9\u05dd \u05db\u05dc\u05e4\u05d9."},"85":{"Display":"\u05e0\u05d4\u05e0\u05ea\u05d9 \u05de\u05d4\u05d7\u05d9\u05d9\u05dd."},"86":{"Display":"\u05d4\u05d9\u05d5 \u05dc\u05d9 \u05d4\u05ea\u05e4\u05e8\u05e6\u05d5\u05d9\u05d5\u05ea \u05d1\u05db\u05d9."},"87":{"Display":"\u05d4\u05e8\u05d2\u05e9\u05ea\u05d9 \u05e2\u05e6\u05d5\u05d1\/\u05d4."},"88":{"Display":"\u05d4\u05e8\u05d2\u05e9\u05ea\u05d9 \u05e9\u05d0\u05e0\u05e9\u05d9\u05dd \u05dc\u05d0 \u05de\u05d7\u05d1\u05d1\u05d9\u05dd \u05d0\u05d5\u05ea\u05d9."},"89":{"Display":"\u05dc\u05d0 \u05d9\u05db\u05d5\u05dc\u05ea\u05d9 \"\u05dc\u05d4\u05d6\u05d9\u05d6 \u05d0\u05ea \u05e2\u05e6\u05de\u05d9\"."}},"ChoiceOrder":["69","70","72","73","74","75","76","77","78","79","80","81","82","83","84","85","86","87","88","89"],"Validation":{"Settings":{"ForceResponse":"OFF","ForceResponseType":"ON","Type":"None"}},"GradingData":[],"Language":[],"ColumnLabels":[{"Display":"\u05dc\u05e2\u05d9\u05ea\u05d9\u05dd \u05e0\u05d3\u05d9\u05e8\u05d5\u05ea","IsLabelDefault":false},{"Display":"\u05d1\u05d7\u05dc\u05e7 \u05e7\u05d8\u05df \u05de\u05d4\u05d6\u05de\u05df","IsLabelDefault":false},{"Display":"\u05dc\u05e4\u05e2\u05de\u05d9\u05dd","IsLabelDefault":false},{"Display":"\u05e8\u05d5\u05d1 \u05d4\u05d6\u05de\u05df","IsLabelDefault":false}],"Answers":{"1":{"Display":"0"},"2":{"Display":"1"},"3":{"Display":"2"},"4":{"Display":"3"}},"AnswerOrder":[1,2,3,4],"ChoiceDataExportTags":false,"QuestionID":"QID107","QuestionText_Unsafe":"<p>\u05dc\u05e4\u05e0\u05d9\u05da \u05e8\u05e9\u05d9\u05de\u05ea \u05de\u05e9\u05e4\u05d8\u05d9\u05dd, \u05d4\u05de\u05ea\u05d0\u05e8\u05d9\u05dd \u05d0\u05ea \u05d4\u05d3\u05e8\u05da \u05d1\u05d4\n\u05d0\u05d5\u05dc\u05d9 \u05d4\u05e8\u05d2\u05e9\u05ea \u05d0\u05d5 \u05d4\u05ea\u05e0\u05d4\u05d2\u05ea. \u05d0\u05e0\u05d0 \u05e6\u05d9\u05d9\u05e0\/\u05d9 \u05d1\u05d0\u05d9\u05d6\u05d5 \u05ea\u05d3\u05d9\u05e8\u05d5\u05ea \u05d4\u05e8\u05d2\u05e9\u05ea \u05d0\u05d5 \u05d4\u05ea\u05e0\u05d4\u05d2\u05ea \u05db\u05da <u>\u05d1\u05de\u05d4\u05dc\u05da\n\u05d4\u05e9\u05d1\u05d5\u05e2\u05d9\u05d9\u05dd \u05d4\u05d0\u05d7\u05e8\u05d5\u05e0\u05d9\u05dd.<\/u><o:p><\/o:p><\/p>"}},{"SurveyID":"SV_6u5wIQHbVFjO8VT","Element":"SQ","PrimaryAttribute":"QID105","SecondaryAttribute":"\u05dc\u05d4\u05dc\u05df \u05e8\u05e9\u05d9\u05de\u05d4 \u05e9\u05dc \u05d1\u05e2\u05d9\u05d5\u05ea \u05d5\u05ea\u05dc\u05d5\u05e0\u05d5\u05ea \u05e9\u05d9\u05e9 \u05dc\u05e4\u05e2\u05de\u05d9\u05dd \u05dc\u05d0\u05e0\u05e9\u05d9\u05dd. \u05e7\u05e8\u05d0\/\u05d9 \u05db\u05dc ","TertiaryAttribute":null,"Payload":{"QuestionText":"\u05dc\u05d4\u05dc\u05df \u05e8\u05e9\u05d9\u05de\u05d4 \u05e9\u05dc \u05d1\u05e2\u05d9\u05d5\u05ea \u05d5\u05ea\u05dc\u05d5\u05e0\u05d5\u05ea \u05e9\u05d9\u05e9 \u05dc\u05e4\u05e2\u05de\u05d9\u05dd \u05dc\u05d0\u05e0\u05e9\u05d9\u05dd. \u05e7\u05e8\u05d0\/\u05d9 \u05db\u05dc \u05e4\u05e8\u05d9\u05d8 \u05d1\u05e2\u05d9\u05d5\u05df \u05d5\u05e1\u05de\u05e0\/\u05d9 \u05d0\u05ea \u05d4\u05de\u05e1\u05e4\u05e8 \u05d1\u05d9\u05df 4-0 \u05d4\u05de\u05ea\u05d0\u05e8 \u05d1\u05d0\u05d5\u05e4\u05df \u05d4\u05d8\u05d5\u05d1 \u05d1\u05d9\u05d5\u05ea\u05e8 \u05d1\u05d0\u05d9\u05d6\u05d5 \u05de\u05d9\u05d3\u05d4 \u05e1\u05d1\u05dc\u05ea \u05de\u05d1\u05e2\u05d9\u05d4 \u05d6\u05d5&nbsp;<strong><u>\u05d1\u05d7\u05d5\u05d3\u05e9 \u05d4\u05d0\u05d7\u05e8\u05d5\u05df \u05db\u05d5\u05dc\u05dc \u05d4\u05d9\u05d5\u05dd<\/u><\/strong>. \u05d0\u05e0\u05d0 \u05d0\u05dc \u05ea\u05d3\u05dc\u05d2\/\u05d9 \u05e2\u05dc \u05d0\u05e3 \u05e4\u05e8\u05d9\u05d8.","DefaultChoices":false,"DataExportTag":"Q12","QuestionType":"Matrix","Selector":"Likert","SubSelector":"SingleAnswer","Configuration":{"QuestionDescriptionOption":"UseText","TextPosition":"inline","ChoiceColumnWidth":25,"RepeatHeaders":"all","WhiteSpace":"OFF","MobileFirst":false},"QuestionDescription":"\u05dc\u05d4\u05dc\u05df \u05e8\u05e9\u05d9\u05de\u05d4 \u05e9\u05dc \u05d1\u05e2\u05d9\u05d5\u05ea \u05d5\u05ea\u05dc\u05d5\u05e0\u05d5\u05ea \u05e9\u05d9\u05e9 \u05dc\u05e4\u05e2\u05de\u05d9\u05dd \u05dc\u05d0\u05e0\u05e9\u05d9\u05dd. \u05e7\u05e8\u05d0\/\u05d9 \u05db\u05dc \u05e4\u05e8\u05d9\u05d8 \u05d1\u05e2\u05d9\u05d5\u05df \u05d5\u05e1\u05de\u05e0\/\u05d9 \u05d0\u05ea \u05d4\u05de\u05e1\u05e4\u05e8 \u05d1\u05d9\u05df 4-0 \u05d4\u05de\u05ea\u05d0\u05e8...","Choices":{"1":{"Display":"\u05e2\u05e6\u05d1\u05e0\u05d5\u05ea"},"2":{"Display":"\u05d4\u05e8\u05d2\u05e9\u05ea \u05e2\u05d9\u05dc\u05e4\u05d5\u05df \u05d0\u05d5 \u05e1\u05d7\u05e8\u05d7\u05d5\u05e8\u05ea"},"3":{"Display":"\u05de\u05d7\u05e9\u05d1\u05d4 \u05e9\u05de\u05d9\u05e9\u05d4\u05d5 \u05d0\u05d7\u05e8 \u05d9\u05db\u05d5\u05dc \u05dc\u05e9\u05dc\u05d5\u05d8 \u05e2\u05dc \u05de\u05d7\u05e9\u05d1\u05d5\u05ea\u05d9\u05da"},"4":{"Display":"\u05d4\u05e8\u05d2\u05e9\u05d4 \u05e9\u05d0\u05d7\u05e8\u05d9\u05dd \u05d0\u05e9\u05de\u05d9\u05dd \u05d1\u05d1\u05e2\u05d9\u05d5\u05ea \u05e9\u05dc\u05da"},"5":{"Display":"\u05e7\u05e9\u05d9\u05d9\u05dd \u05d1\u05d6\u05d9\u05db\u05e8\u05d5\u05df"},"6":{"Display":"\u05de\u05ea\u05e8\u05d2\u05d6\/\u05ea \u05d5\u05de\u05ea\u05e2\u05e6\u05d1\u05e0\/\u05ea \u05de\u05d4\u05e8"},"7":{"Display":"\u05db\u05d0\u05d1\u05d9\u05dd \u05d1\u05dc\u05d1 \u05d0\u05d5 \u05d1\u05d7\u05d6\u05d4"},"8":{"Display":"\u05e4\u05d7\u05d3 \u05de\u05de\u05e7\u05d5\u05de\u05d5\u05ea \u05e4\u05ea\u05d5\u05d7\u05d9\u05dd"},"9":{"Display":"\u05de\u05d7\u05e9\u05d1\u05d5\u05ea \u05dc\u05e9\u05d9\u05dd \u05e7\u05e5 \u05dc\u05d7\u05d9\u05d9\u05da"},"10":{"Display":"\u05d4\u05e8\u05d2\u05e9\u05d4 \u05e9\u05d0\u05d9 \u05d0\u05e4\u05e9\u05e8 \u05dc\u05e1\u05de\u05d5\u05da \u05e2\u05dc \u05de\u05e8\u05d1\u05d9\u05ea \u05d4\u05d0\u05e0\u05e9\u05d9\u05dd"},"11":{"Display":"\u05d7\u05d5\u05e1\u05e8 \u05ea\u05d0\u05d1\u05d5\u05df"},"12":{"Display":"\u05d4\u05e8\u05d2\u05e9\u05ea \u05e4\u05d7\u05d3 \u05e4\u05ea\u05d0\u05d5\u05de\u05d9 \u05dc\u05dc\u05d0 \u05e1\u05d9\u05d1\u05d4"},"13":{"Display":"\u05d4\u05ea\u05e4\u05e8\u05e6\u05d5\u05d9\u05d5\u05ea \u05d6\u05e2\u05dd \u05e9\u05dc\u05d0 \u05d9\u05db\u05d5\u05dc\u05ea \u05dc\u05e9\u05dc\u05d5\u05d8 \u05d1\u05d4\u05df"},"14":{"Display":"\u05d4\u05e8\u05d2\u05e9\u05ea \u05d1\u05d3\u05d9\u05d3\u05d5\u05ea \u05d2\u05dd \u05db\u05e9\u05d4\u05d9\u05e0\u05da \u05d1\u05d7\u05d1\u05e8\u05ea \u05d0\u05e0\u05e9\u05d9\u05dd"},"15":{"Display":"\u05d4\u05e8\u05d2\u05e9\u05d4 \u05e9\u05de\u05e9\u05d4\u05d5 \u05de\u05e4\u05e8\u05d9\u05e2 \u05dc\u05da \u05dc\u05d1\u05e6\u05e2 \u05d3\u05d1\u05e8\u05d9\u05dd"},"16":{"Display":"\u05d4\u05e8\u05d2\u05e9\u05ea \u05d1\u05d3\u05d9\u05d3\u05d5\u05ea"},"17":{"Display":"\u05de\u05e6\u05d5\u05d1\u05e8\u05d7\/\u05ea"},"18":{"Display":"\u05d7\u05d5\u05e1\u05e8 \u05e2\u05e0\u05d9\u05d9\u05df \u05d1\u05d3\u05d1\u05e8\u05d9\u05dd"},"19":{"Display":"\u05d4\u05e8\u05d2\u05e9\u05ea \u05e4\u05d7\u05d3"},"20":{"Display":"\u05d4\u05e0\u05da \u05e0\u05e4\u05d2\u05e2\/\u05ea \u05d1\u05e7\u05dc\u05d5\u05ea"},"21":{"Display":"\u05d4\u05e8\u05d2\u05e9\u05d4 \u05e9\u05d0\u05e0\u05e9\u05d9\u05dd \u05d0\u05d9\u05e0\u05dd \u05d9\u05d3\u05d9\u05d3\u05d5\u05ea\u05d9\u05d9\u05dd \u05d0\u05d5 \u05e9\u05d0\u05d9\u05e0\u05dd \u05de\u05e1\u05de\u05e4\u05d8\u05d9\u05dd \u05d0\u05d5\u05ea\u05da"},"22":{"Display":"\u05d4\u05e8\u05d2\u05e9\u05d4 \u05e9\u05d4\u05e0\u05da \u05e0\u05d7\u05d5\u05ea\/\u05d4 \u05de\u05d0\u05d7\u05e8\u05d9\u05dd"},"23":{"Display":"\u05d1\u05d7\u05d9\u05dc\u05d4 \u05d0\u05d5 \u05d0\u05d9-\u05e9\u05e7\u05d8 \u05d1\u05d1\u05d8\u05df"},"24":{"Display":"\u05d4\u05e8\u05d2\u05e9\u05d4 \u05e9\u05d0\u05e0\u05e9\u05d9\u05dd \u05de\u05e1\u05ea\u05db\u05dc\u05d9\u05dd \u05d0\u05d5 \u05de\u05d3\u05d1\u05e8\u05d9\u05dd \u05e2\u05dc\u05d9\u05da"},"25":{"Display":"\u05e7\u05d5\u05e9\u05d9 \u05dc\u05d4\u05d9\u05e8\u05d3\u05dd"}},"ChoiceOrder":[1,2,3,4,5,6,7,8,9,10,11,12,13,14,15,16,17,18,19,20,21,22,23,24,25],"Validation":{"Settings":{"ForceResponse":"OFF","ForceResponseType":"ON","Type":"None"}},"GradingData":[],"Language":[],"ColumnLabels":[{"Display":"\u05d1\u05db\u05dc\u05dc \u05dc\u05d0","IsLabelDefault":false},{"Display":"\u05d1\u05de\u05e7\u05e6\u05ea","IsLabelDefault":false},{"Display":"\u05d1\u05de\u05d9\u05d3\u05d4 \u05d1\u05d9\u05e0\u05d5\u05e0\u05d9\u05ea","IsLabelDefault":false},{"Display":"\u05d1\u05de\u05d9\u05d3\u05d4 \u05e8\u05d1\u05d4","IsLabelDefault":false},{"Display":"\u05de\u05d0\u05d5\u05d3","IsLabelDefault":false}],"Answers":{"1":{"Display":"0"},"2":{"Display":"1"},"3":{"Display":"2"},"4":{"Display":"3"},"5":{"Display":"4"}},"AnswerOrder":[1,2,3,4,5],"ChoiceDataExportTags":false,"QuestionID":"QID105","QuestionText_Unsafe":"\u05dc\u05d4\u05dc\u05df \u05e8\u05e9\u05d9\u05de\u05d4 \u05e9\u05dc \u05d1\u05e2\u05d9\u05d5\u05ea \u05d5\u05ea\u05dc\u05d5\u05e0\u05d5\u05ea \u05e9\u05d9\u05e9 \u05dc\u05e4\u05e2\u05de\u05d9\u05dd \u05dc\u05d0\u05e0\u05e9\u05d9\u05dd. \u05e7\u05e8\u05d0\/\u05d9 \u05db\u05dc \u05e4\u05e8\u05d9\u05d8 \u05d1\u05e2\u05d9\u05d5\u05df \u05d5\u05e1\u05de\u05e0\/\u05d9 \u05d0\u05ea \u05d4\u05de\u05e1\u05e4\u05e8 \u05d1\u05d9\u05df 4-0 \u05d4\u05de\u05ea\u05d0\u05e8 \u05d1\u05d0\u05d5\u05e4\u05df \u05d4\u05d8\u05d5\u05d1 \u05d1\u05d9\u05d5\u05ea\u05e8 \u05d1\u05d0\u05d9\u05d6\u05d5 \u05de\u05d9\u05d3\u05d4 \u05e1\u05d1\u05dc\u05ea \u05de\u05d1\u05e2\u05d9\u05d4 \u05d6\u05d5&nbsp;<strong><u>\u05d1\u05d7\u05d5\u05d3\u05e9 \u05d4\u05d0\u05d7\u05e8\u05d5\u05df \u05db\u05d5\u05dc\u05dc \u05d4\u05d9\u05d5\u05dd<\/u><\/strong>. \u05d0\u05e0\u05d0 \u05d0\u05dc \u05ea\u05d3\u05dc\u05d2\/\u05d9 \u05e2\u05dc \u05d0\u05e3 \u05e4\u05e8\u05d9\u05d8."}},{"SurveyID":"SV_6u5wIQHbVFjO8VT","Element":"SQ","PrimaryAttribute":"QID106","SecondaryAttribute":"\u05d1\u05d7\u05d5\u05d3\u05e9 \u05d4\u05d0\u05d7\u05e8\u05d5\u05df, \u05db\u05d5\u05dc\u05dc \u05d4\u05d9\u05d5\u05dd, \u05e2\u05d3 \u05db\u05de\u05d4 \u05e1\u05d1\u05dc\u05ea \u05de:","TertiaryAttribute":null,"Payload":{"QuestionText":"<u>\u05d1\u05d7\u05d5\u05d3\u05e9 \u05d4\u05d0\u05d7\u05e8\u05d5\u05df, \u05db\u05d5\u05dc\u05dc \u05d4\u05d9\u05d5\u05dd, \u05e2\u05d3 \u05db\u05de\u05d4 \u05e1\u05d1\u05dc\u05ea \u05de:<\/u>","DefaultChoices":false,"DataExportTag":"Q13","QuestionType":"Matrix","Selector":"Likert","SubSelector":"SingleAnswer","Configuration":{"QuestionDescriptionOption":"UseText","TextPosition":"inline","ChoiceColumnWidth":25,"RepeatHeaders":"all","WhiteSpace":"OFF","MobileFirst":false},"QuestionDescription":"\u05d1\u05d7\u05d5\u05d3\u05e9 \u05d4\u05d0\u05d7\u05e8\u05d5\u05df, \u05db\u05d5\u05dc\u05dc \u05d4\u05d9\u05d5\u05dd, \u05e2\u05d3 \u05db\u05de\u05d4 \u05e1\u05d1\u05dc\u05ea \u05de:","Choices":{"1":{"Display":"\u05e6\u05d5\u05e8\u05da \u05dc\u05d7\u05d6\u05d5\u05e8 \u05d5\u05dc\u05d1\u05d3\u05d5\u05e7 \u05de\u05d4 \u05e9\u05e2\u05e9\u05d9\u05ea"},"2":{"Display":"\u05e7\u05d5\u05e9\u05d9 \u05d1\u05d4\u05d7\u05dc\u05d8\u05d4"},"3":{"Display":"\u05e4\u05d7\u05d3 \u05dc\u05e0\u05e1\u05d5\u05e2 \u05d1\u05d0\u05d5\u05d8\u05d5\u05d1\u05d5\u05e1 \u05d0\u05d5 \u05d1\u05e8\u05db\u05d1\u05ea"},"4":{"Display":"\u05e7\u05d5\u05e9\u05d9 \u05d1\u05e0\u05e9\u05d9\u05de\u05d4"},"5":{"Display":"\u05d2\u05dc\u05d9 \u05d7\u05d5\u05dd \u05d0\u05d5 \u05e7\u05d5\u05e8"},"6":{"Display":"\u05e6\u05d5\u05e8\u05da \u05dc\u05d4\u05de\u05e0\u05e2 \u05de\u05de\u05e7\u05d5\u05de\u05d5\u05ea \u05d0\u05d5 \u05de\u05e4\u05e2\u05d5\u05dc\u05d5\u05ea \u05d0\u05e9\u05e8 \u05de\u05e4\u05d7\u05d9\u05d3\u05d9\u05dd \u05d0\u05d5\u05ea\u05da"},"7":{"Display":"\u05e9\u05d4\u05e8\u05d0\u05e9 \u05e0\u05e2\u05e9\u05d4 \u05e8\u05d9\u05e7"},"8":{"Display":"\u05e9\u05d4\u05d2\u05e4\u05d9\u05d9\u05dd \u05db\u05d0\u05d9\u05dc\u05d5 \u05de\u05d0\u05d5\u05d1\u05e0\u05d5\u05ea \u05d0\u05d5 \u05d3\u05e7\u05d9\u05e8\u05d5\u05ea \u05d1\u05d7\u05dc\u05e7\u05d9\u05dd \u05e9\u05d5\u05e0\u05d9\u05dd \u05e9\u05dc \u05d4\u05d2\u05d5\u05e3"},"9":{"Display":"\u05de\u05d7\u05e9\u05d1\u05d4 \u05e9\u05de\u05d2\u05d9\u05e2 \u05dc\u05da \u05e2\u05d5\u05e0\u05e9 \u05e2\u05dc \u05d7\u05d8\u05d0\u05d9\u05da"},"10":{"Display":"\u05d7\u05d5\u05e1\u05e8 \u05ea\u05e7\u05d5\u05d5\u05d4 \u05dc\u05d2\u05d1\u05d9 \u05d4\u05e2\u05ea\u05d9\u05d3                                                                  "},"11":{"Display":"\u05e7\u05e9\u05d9\u05d9 \u05e8\u05d9\u05db\u05d5\u05d6"},"12":{"Display":"\u05d4\u05e8\u05d2\u05e9\u05ea \u05d7\u05d5\u05dc\u05e9\u05d4 \u05d1\u05d7\u05dc\u05e7\u05d9\u05dd \u05de\u05d2\u05d5\u05e4\u05da"},"13":{"Display":"\u05d4\u05e8\u05d2\u05e9\u05ea \u05de\u05ea\u05d7"},"14":{"Display":"\u05de\u05d7\u05e9\u05d1\u05d5\u05ea \u05e2\u05dc \u05de\u05d5\u05d5\u05ea"},"15":{"Display":"\u05d3\u05d7\u05e3 \u05dc\u05d4\u05db\u05d5\u05ea, \u05dc\u05e4\u05e6\u05d5\u05e2 \u05d0\u05d5 \u05dc\u05d4\u05d6\u05d9\u05e7 \u05dc\u05de\u05d9\u05e9\u05d4\u05d5"},"16":{"Display":"\u05d3\u05d7\u05e3 \u05dc\u05e9\u05d1\u05d5\u05e8 \u05d5\u05dc\u05d4\u05e4\u05d5\u05da \u05d3\u05d1\u05e8\u05d9\u05dd"},"17":{"Display":"\u05d4\u05e8\u05d2\u05e9\u05ea \u05de\u05d1\u05d5\u05db\u05d4 \u05d1\u05d7\u05d1\u05e8\u05d4"},"18":{"Display":"\u05d4\u05e8\u05d2\u05e9\u05ea \u05d0\u05d9 \u05e0\u05d5\u05d7\u05d5\u05ea \u05e4\u05e0\u05d9\u05de\u05d9\u05ea"},"19":{"Display":"\u05d7\u05d5\u05e1\u05e8 \u05d4\u05e8\u05d2\u05e9\u05ea \u05e7\u05e8\u05d1\u05d4 \u05dc\u05d0\u05e0\u05e9\u05d9\u05dd"},"20":{"Display":"\u05d4\u05ea\u05e7\u05e4\u05d9 \u05e4\u05d7\u05d3 \u05d0\u05d5 \u05e4\u05d0\u05e0\u05d9\u05e7\u05d4"},"21":{"Display":"\u05e0\u05db\u05e0\u05e1\/\u05ea \u05dc\u05d5\u05d9\u05db\u05d5\u05d7\u05d9\u05dd \u05de\u05d4\u05d9\u05e8\u05d9\u05dd"},"22":{"Display":"\u05d4\u05e8\u05d2\u05e9\u05ea \u05e2\u05e6\u05d1\u05e0\u05d5\u05ea \u05db\u05e9\u05d4\u05d9\u05e0\u05da \u05e0\u05e9\u05d0\u05e8\/\u05ea \u05dc\u05d1\u05d3"},"23":{"Display":"\u05e9\u05d4\u05d0\u05d7\u05e8\u05d9\u05dd \u05d0\u05d9\u05e0\u05dd \u05de\u05e2\u05e8\u05d9\u05db\u05d9\u05dd \u05db\u05e8\u05d0\u05d5\u05d9 \u05d0\u05ea \u05d4\u05d9\u05e9\u05d2\u05d9\u05da"},"24":{"Display":"\u05d7\u05d5\u05e1\u05e8 \u05e9\u05e7\u05d8 \u05db\u05d6\u05d4 \u05e9\u05d0\u05d9\u05e0\u05da \u05d9\u05db\u05d5\u05dc\/\u05d4 \u05dc\u05e9\u05d1\u05ea \u05d1\u05de\u05e7\u05d5\u05dd \u05d0\u05d7\u05d3"},"25":{"Display":"\u05d4\u05e8\u05d2\u05e9\u05ea \u05d7\u05d5\u05e1\u05e8 \u05e2\u05e8\u05da"},"26":{"Display":"\u05d4\u05e8\u05d2\u05e9\u05d4 \u05e9\u05d0\u05e0\u05e9\u05d9\u05dd \u05d9\u05e0\u05e6\u05dc\u05d5 \u05d0\u05d5\u05ea\u05da (\u05d0\u05dd \u05ea\u05ea\u05e0\/\u05d9 \u05dc\u05d4\u05dd)"},"27":{"Display":"\u05d4\u05e8\u05d2\u05e9\u05d5\u05ea \u05d0\u05e9\u05de\u05d4"},"28":{"Display":"\u05d4\u05e8\u05d2\u05e9\u05d4 \u05e9\u05de\u05e9\u05d4\u05d5 \u05dc\u05d0 \u05d1\u05e1\u05d3\u05e8 \u05e2\u05dd \u05d4\u05e8\u05d0\u05e9 \u05e9\u05dc\u05da"}},"ChoiceOrder":[1,2,3,4,5,6,7,8,9,10,11,12,13,14,15,16,17,18,19,20,21,22,23,24,25,26,27,28],"Validation":{"Settings":{"ForceResponse":"OFF","ForceResponseType":"ON","Type":"None"}},"GradingData":[],"Language":[],"ColumnLabels":[{"Display":"\u05d1\u05db\u05dc\u05dc \u05dc\u05d0","IsLabelDefault":false},{"Display":"\u05d1\u05de\u05e7\u05e6\u05ea","IsLabelDefault":false},{"Display":"\u05d1\u05de\u05d9\u05d3\u05d4 \u05d1\u05d9\u05e0\u05d5\u05e0\u05d9\u05ea","IsLabelDefault":false},{"Display":"\u05d1\u05de\u05d9\u05d3\u05d4 \u05e8\u05d1\u05d4","IsLabelDefault":false},{"Display":"\u05de\u05d0\u05d5\u05d3","IsLabelDefault":false}],"Answers":{"1":{"Display":"0"},"2":{"Display":"1"},"3":{"Display":"2"},"4":{"Display":"3"},"5":{"Display":"4"}},"AnswerOrder":[1,2,3,4,5],"ChoiceDataExportTags":false,"QuestionID":"QID106","QuestionText_Unsafe":"<u>\u05d1\u05d7\u05d5\u05d3\u05e9 \u05d4\u05d0\u05d7\u05e8\u05d5\u05df, \u05db\u05d5\u05dc\u05dc \u05d4\u05d9\u05d5\u05dd, \u05e2\u05d3 \u05db\u05de\u05d4 \u05e1\u05d1\u05dc\u05ea \u05de:<\/u>"}},{"SurveyID":"SV_6u5wIQHbVFjO8VT","Element":"SQ","PrimaryAttribute":"QID109","SecondaryAttribute":"\u05db\u05e9\u05d3\u05d1\u05e8\u05d9\u05dd \u05dc\u05d0 \u05d4\u05d5\u05dc\u05db\u05d9\u05dd \u05db\u05de\u05d5 \u05e9\u05e6\u05e8\u05d9\u05da \u05d1\u05d7\u05d9\u05d9\u05dd, \u05d0\u05d5 \u05e9\u05de\u05e9\u05d4\u05d5 \u05dc\u05d0 \u05e2\u05d5\u05d1\u05d3 \u05db\u05de\u05d5 ","TertiaryAttribute":null,"Payload":{"QuestionText":"<span dir=\"RTL\">\u05db\u05e9\u05d3\u05d1\u05e8\u05d9\u05dd \u05dc\u05d0 \u05d4\u05d5\u05dc\u05db\u05d9\u05dd \u05db\u05de\u05d5 \u05e9\u05e6\u05e8\u05d9\u05da \u05d1\u05d7\u05d9\u05d9\u05dd, \u05d0\u05d5 \u05e9\u05de\u05e9\u05d4\u05d5 \u05dc\u05d0 \u05e2\u05d5\u05d1\u05d3 \u05db\u05de\u05d5 \u05e9\u05e7\u05d9\u05d5\u05d5\u05d9\u05e0\u05d5, \u05d5\u05d0\u05e0\u05d7\u05e0\u05d5 \u05de\u05e8\u05d2\u05d9\u05e9\u05d9\u05dd \u05e9\u05d9\u05db\u05d5\u05dc\u05e0\u05d5 \u05dc\u05d1\u05e6\u05e2 \u05d0\u05ea \u05d4\u05d3\u05d1\u05e8\u05d9\u05dd \u05d1\u05e6\u05d5\u05e8\u05d4 \u05d8\u05d5\u05d1\u05d4 \u05d9\u05d5\u05ea\u05e8, \u05dc\u05e4\u05e2\u05de\u05d9\u05dd \u05d9\u05e9 \u05dc\u05e0\u05d5 \u05de\u05d7\u05e9\u05d1\u05d5\u05ea \u05d5\u05e8\u05d2\u05e9\u05d5\u05ea \u05e9\u05dc \u05d1\u05d9\u05e7\u05d5\u05e8\u05ea \u05d0\u05d5 \u05d4\u05dc\u05e7\u05d0\u05d4 \u05e2\u05e6\u05de\u05d9\u05ea. \u05de\u05d7\u05e9\u05d1\u05d5\u05ea \u05d5\u05e8\u05d2\u05e9\u05d5\u05ea \u05d0\u05dc\u05d4 \u05d9\u05db\u05d5\u05dc\u05d9\u05dd \u05dc\u05d1\u05d5\u05d0 \u05dc\u05d9\u05d3\u05d9 \u05d1\u05d9\u05d8\u05d5\u05d9 \u05db\u05ea\u05d7\u05d5\u05e9\u05d5\u05ea \u05e9\u05dc \u05d7\u05d5\u05e1\u05e8 \u05e2\u05e8\u05da \u05d5\/\u05d0\u05d5 \u05e8\u05d2\u05e9\u05d9 \u05e0\u05d7\u05d9\u05ea\u05d5\u05ea. \u05dc\u05e2\u05d5\u05de\u05ea \u05d6\u05d0\u05ea, \u05d0\u05e0\u05e9\u05d9\u05dd \u05d9\u05db\u05d5\u05dc\u05d9\u05dd \u05d2\u05dd \u05dc\u05e0\u05e1\u05d5\u05ea \u05dc\u05ea\u05de\u05d5\u05da \u05d1\u05e2\u05e6\u05de\u05dd \u05d5\u05dc\u05d4\u05e8\u05d2\u05d9\u05e2 \u05d0\u05ea \u05e2\u05e6\u05de\u05dd. \u05d1\u05d4\u05de\u05e9\u05da \u05de\u05d5\u05e4\u05d9\u05e2\u05d4 \u05e8\u05e9\u05d9\u05de\u05d4 \u05e9\u05dc \u05de\u05d7\u05e9\u05d1\u05d5\u05ea \u05d5\u05e8\u05d2\u05e9\u05d5\u05ea \u05e9\u05d0\u05e0\u05e9\u05d9\u05dd \u05dc\u05e4\u05e2\u05de\u05d9\u05dd \u05d7\u05d5\u05d5\u05d9\u05dd. \u05e7\u05e8\u05d0\/\u05d9 \u05db\u05dc \u05d4\u05e6\u05d4\u05e8\u05d4 \u05d5\u05e1\u05de\u05e0\/\u05d9 \u05d0\u05ea \u05d4\u05de\u05e1\u05e4\u05e8 \u05d4\u05de\u05ea\u05d0\u05e8 \u05d1\u05e6\u05d5\u05e8\u05d4 \u05d4\u05de\u05d3\u05d5\u05d9\u05d9\u05e7\u05ea \u05d1\u05d9\u05d5\u05ea\u05e8 \u05d0\u05ea \u05d4\u05de\u05d9\u05d3\u05d4 \u05d1\u05d4 \u05d4\u05d4\u05e6\u05d4\u05e8\u05d4 \u05e0\u05db\u05d5\u05e0\u05d4 \u05dc\u05d2\u05d1\u05d9\u05da.&nbsp;<\/span>\n<p><o:p><\/o:p><\/p><div><span dir=\"RTL\"><br><\/span><\/div><div><span dir=\"RTL\"><br><\/span><\/div><div><span dir=\"RTL\"><strong><span lang=\"HE\" dir=\"RTL\" style=\"font-size:11.0pt;\nfont-family:&quot;Arial&quot;,sans-serif;mso-fareast-font-family:&quot;Times New Roman&quot;;\nmso-ansi-language:EN-US;mso-fareast-language:EN-US;mso-bidi-language:HE\">\u05db\u05d0\u05e9\u05e8 \u05d3\u05d1\u05e8\u05d9\u05dd \u05dc\u05d0 \u05de\u05e6\u05dc\u05d9\u05d7\u05d9\u05dd \u05dc\u05d9:<\/span><\/strong><\/span><\/div>","DefaultChoices":false,"DataExportTag":"Q14","QuestionType":"Matrix","Selector":"Likert","SubSelector":"SingleAnswer","Configuration":{"QuestionDescriptionOption":"UseText","TextPosition":"inline","ChoiceColumnWidth":25,"RepeatHeaders":"both","WhiteSpace":"OFF","MobileFirst":false},"QuestionDescription":"\u05db\u05e9\u05d3\u05d1\u05e8\u05d9\u05dd \u05dc\u05d0 \u05d4\u05d5\u05dc\u05db\u05d9\u05dd \u05db\u05de\u05d5 \u05e9\u05e6\u05e8\u05d9\u05da \u05d1\u05d7\u05d9\u05d9\u05dd, \u05d0\u05d5 \u05e9\u05de\u05e9\u05d4\u05d5 \u05dc\u05d0 \u05e2\u05d5\u05d1\u05d3 \u05db\u05de\u05d5 \u05e9\u05e7\u05d9\u05d5\u05d5\u05d9\u05e0\u05d5, \u05d5\u05d0\u05e0\u05d7\u05e0\u05d5 \u05de\u05e8\u05d2\u05d9\u05e9\u05d9\u05dd \u05e9\u05d9\u05db\u05d5\u05dc\u05e0\u05d5 \u05dc\u05d1\u05e6\u05e2 \u05d0\u05ea...","Choices":{"132":{"Display":"\u05d0\u05e0\u05d9 \u05de\u05ea\u05d0\u05db\u05d6\u05d1\/\u05ea \u05de\u05e2\u05e6\u05de\u05d9 \u05d1\u05e7\u05dc\u05d5\u05ea"},"133":{"Display":"\u05d9\u05e9 \u05d1\u05d9 \u05d7\u05dc\u05e7 \u05e9\"\u05d9\u05d5\u05e8\u05d3\" \u05e2\u05dc \u05e2\u05e6\u05de\u05d9"},"134":{"Display":"\u05d0\u05e0\u05d9 \u05d9\u05db\u05d5\u05dc\/\u05d4 \u05dc\u05d4\u05d6\u05db\u05d9\u05e8 \u05dc\u05e2\u05e6\u05de\u05d9 \u05e9\u05d9\u05e9 \u05d1\u05d9 \u05e6\u05d3\u05d3\u05d9\u05dd \u05d7\u05d9\u05d5\u05d1\u05d9\u05d9\u05dd"},"135":{"Display":"\u05d0\u05e0\u05d9 \u05de\u05ea\u05e7\u05e9\u05d4 \u05dc\u05e9\u05dc\u05d5\u05d8 \u05d1\u05e8\u05d2\u05e9\u05d5\u05ea \u05e9\u05dc \u05db\u05e2\u05e1 \u05d5\u05ea\u05e1\u05db\u05d5\u05dc \u05e9\u05d9\u05e9 \u05dc\u05d9 \u05db\u05dc\u05e4\u05d9 \u05e2\u05e6\u05de\u05d9"},"136":{"Display":"\u05e7\u05dc \u05dc\u05d9 \u05dc\u05e1\u05dc\u05d5\u05d7 \u05dc\u05e2\u05e6\u05de\u05d9"},"137":{"Display":"\u05d9\u05e9 \u05d1\u05d9 \u05d7\u05dc\u05e7 \u05e9\u05de\u05e8\u05d2\u05d9\u05e9 \u05e9\u05d0\u05e0\u05d9 \u05dc\u05d0 \u05de\u05e1\u05e4\u05d9\u05e7 \u05d8\u05d5\u05d1\/\u05d4"},"138":{"Display":"\u05d0\u05e0\u05d9 \u05de\u05e8\u05d2\u05d9\u05e9\/\u05d4 \u05de\u05d5\u05d1\u05e1\/\u05ea \u05d5\u05de\u05d5\u05db\u05d4 \u05e2\u05dc \u05d9\u05d3\u05d9 \u05de\u05d7\u05e9\u05d1\u05d5\u05ea \u05d1\u05d9\u05e7\u05d5\u05e8\u05ea\u05d9\u05d5\u05ea \u05db\u05dc\u05e4\u05d9 \u05e2\u05e6\u05de\u05d9"},"139":{"Display":"\u05d0\u05e0\u05d9 \u05de\u05de\u05e9\u05d9\u05db\/\u05d4 \u05dc\u05d0\u05d4\u05d5\u05d1 \u05dc\u05d4\u05d9\u05d5\u05ea \u05d0\u05e0\u05d9 "},"140":{"Display":"\u05d0\u05e0\u05d9 \u05db\u05dc \u05db\u05da \u05db\u05d5\u05e2\u05e1\/\u05ea \u05e2\u05dc \u05e2\u05e6\u05de\u05d9 \u05e9\u05d0\u05e0\u05d9 \u05de\u05e8\u05d2\u05d9\u05e9\/\u05d4 \u05e6\u05d5\u05e8\u05da \u05dc\u05e4\u05d2\u05d5\u05e2 \u05d0\u05d5 \u05dc\u05e4\u05e6\u05d5\u05e2 \u05d1\u05e2\u05e6\u05de\u05d9"},"141":{"Display":"\u05d9\u05e9 \u05dc\u05d9 \u05ea\u05d7\u05d5\u05e9\u05d4 \u05e9\u05dc \u05d2\u05d5\u05e2\u05dc \u05de\u05e2\u05e6\u05de\u05d9"},"142":{"Display":"\u05d0\u05e0\u05d9 \u05e2\u05d3\u05d9\u05d9\u05df \u05de\u05e1\u05d5\u05d2\u05dc\/\u05ea \u05dc\u05d4\u05e8\u05d2\u05d9\u05e9 \u05e0\u05d0\u05d4\u05d1\/\u05ea \u05d5\u05de\u05e7\u05d5\u05d1\u05dc\/\u05ea"},"143":{"Display":"\u05de\u05e4\u05e1\u05d9\u05e7 \u05dc\u05d4\u05d9\u05d5\u05ea \u05d0\u05d9\u05db\u05e4\u05ea \u05dc\u05d9 \u05de\u05e2\u05e6\u05de\u05d9"},"144":{"Display":"\u05d0\u05e0\u05d9 \u05de\u05e8\u05d2\u05d9\u05e9\/\u05d4 \u05e9\u05e7\u05dc \u05dc\u05d9 \u05dc\u05d0\u05d4\u05d5\u05d1 \u05d0\u05ea \u05e2\u05e6\u05de\u05d9"},"145":{"Display":"\u05d0\u05e0\u05d9 \u05e0\u05d6\u05db\u05e8\/\u05ea \u05d1\u05db\u05d9\u05e9\u05dc\u05d5\u05e0\u05d5\u05ea \u05e9\u05dc\u05d9 \u05d5\u05dc\u05d0 \u05de\u05e4\u05e1\u05d9\u05e7\/\u05d4 \u05dc\u05d7\u05e9\u05d5\u05d1 \u05e2\u05dc\u05d9\u05d4\u05dd"},"146":{"Display":"\u05d0\u05e0\u05d9 \u05de\u05db\u05e0\u05d4 \u05d0\u05ea \u05e2\u05e6\u05de\u05d9 \u05d1\u05e9\u05de\u05d5\u05ea"},"147":{"Display":"\u05d0\u05e0\u05d9 \u05e2\u05d3\u05d9\u05e0\/\u05d4 \u05d5\u05ea\u05d5\u05de\u05db\/\u05ea \u05d1\u05e2\u05e6\u05de\u05d9"},"148":{"Display":"\u05d0\u05d9\u05e0\u05e0\u05d9 \u05de\u05e1\u05d5\u05d2\u05dc\/\u05ea \u05dc\u05e7\u05d1\u05dc \u05db\u05e9\u05dc\u05d5\u05e0\u05d5\u05ea \u05de\u05d1\u05dc\u05d9 \u05dc\u05d4\u05e8\u05d2\u05d9\u05e9 \u05dc\u05e7\u05d5\u05d9\/\u05d4 \u05d0\u05d5 \u05e4\u05d2\u05d5\u05de\/\u05d4"},"149":{"Display":"\u05d0\u05e0\u05d9 \u05de\u05d0\u05de\u05d9\u05e0\/\u05d4 \u05e9\u05d1\u05d9\u05e7\u05d5\u05e8\u05ea \u05e2\u05e6\u05de\u05d9\u05ea \u05de\u05d2\u05d9\u05e2\u05d4 \u05dc\u05d9"},"150":{"Display":"\u05d0\u05e0\u05d9 \u05de\u05e1\u05d5\u05d2\u05dc\/\u05ea \u05dc\u05d8\u05e4\u05dc \u05d5\u05dc\u05d3\u05d0\u05d5\u05d2 \u05dc\u05e2\u05e6\u05de\u05d9"},"151":{"Display":"\u05d9\u05e9 \u05d1\u05d9 \u05d7\u05dc\u05e7 \u05e9\u05e8\u05d5\u05e6\u05d4 \u05dc\u05d4\u05d9\u05e4\u05d8\u05e8 \u05de\u05d4\u05d7\u05dc\u05e7\u05d9\u05dd \u05e9\u05d0\u05e0\u05d9 \u05dc\u05d0 \u05d0\u05d5\u05d4\u05d1\/\u05ea \u05d1\u05e2\u05e6\u05de\u05d9"},"152":{"Display":"\u05d0\u05e0\u05d9 \u05de\u05e2\u05d5\u05d3\u05d3\/\u05ea \u05d0\u05ea \u05e2\u05e6\u05de\u05d9 \u05dc\u05e7\u05e8\u05d0\u05ea \u05d4\u05e2\u05ea\u05d9\u05d3"},"153":{"Display":"\u05d0\u05e0\u05d9 \u05dc\u05d0 \u05d0\u05d5\u05d4\u05d1\/\u05ea \u05dc\u05d4\u05d9\u05d5\u05ea \u05d0\u05e0\u05d9"}},"ChoiceOrder":["132","133","134","135","136","137","138","139","140","141","142","143","144","145","146","147","148","149","150","151","152","153"],"Validation":{"Settings":{"ForceResponse":"OFF","ForceResponseType":"ON","Type":"None"}},"GradingData":[],"Language":[],"ColumnLabels":[{"Display":"\u05db\u05dc\u05dc \u05dc\u05d0 \u05e0\u05db\u05d5\u05df \u05dc\u05d2\u05d1\u05d9","IsLabelDefault":false},{"Display":"\u05e7\u05e6\u05ea \u05e0\u05db\u05d5\u05df \u05dc\u05d2\u05d1\u05d9","IsLabelDefault":false},{"Display":"\u05e0\u05db\u05d5\u05df \u05dc\u05d2\u05d1\u05d9 \u05d1\u05d0\u05d5\u05e4\u05df \u05d1\u05d9\u05e0\u05d5\u05e0\u05d9","IsLabelDefault":false},{"Display":"\u05e0\u05db\u05d5\u05df \u05dc\u05d2\u05d1\u05d9","IsLabelDefault":false},{"Display":"\u05de\u05d0\u05d5\u05d3 \u05e0\u05db\u05d5\u05df \u05dc\u05d2\u05d1\u05d9","IsLabelDefault":false}],"Answers":{"2":{"Display":"0"},"3":{"Display":"1"},"4":{"Display":"2"},"5":{"Display":"3"},"8":{"Display":"4"}},"AnswerOrder":[2,3,4,"5","8"],"ChoiceDataExportTags":false,"QuestionID":"QID109","QuestionText_Unsafe":"<span dir=\"RTL\">\u05db\u05e9\u05d3\u05d1\u05e8\u05d9\u05dd \u05dc\u05d0 \u05d4\u05d5\u05dc\u05db\u05d9\u05dd \u05db\u05de\u05d5 \u05e9\u05e6\u05e8\u05d9\u05da \u05d1\u05d7\u05d9\u05d9\u05dd, \u05d0\u05d5 \u05e9\u05de\u05e9\u05d4\u05d5 \u05dc\u05d0 \u05e2\u05d5\u05d1\u05d3 \u05db\u05de\u05d5 \u05e9\u05e7\u05d9\u05d5\u05d5\u05d9\u05e0\u05d5, \u05d5\u05d0\u05e0\u05d7\u05e0\u05d5 \u05de\u05e8\u05d2\u05d9\u05e9\u05d9\u05dd \u05e9\u05d9\u05db\u05d5\u05dc\u05e0\u05d5 \u05dc\u05dc\u05d1\u05e6\u05e2 \u05d0\u05ea \u05d4\u05d3\u05d1\u05e8\u05d9\u05dd \u05d1\u05e6\u05d5\u05e8\u05d4 \u05d8\u05d5\u05d1\u05d4 \u05d9\u05d5\u05ea\u05e8, \u05dc\u05e4\u05e2\u05de\u05d9\u05dd \u05d9\u05e9 \u05dc\u05e0\u05d5 \u05de\u05d7\u05e9\u05d1\u05d5\u05ea \u05d5\u05e8\u05d2\u05e9\u05d5\u05ea \u05e9\u05dc \u05d1\u05d9\u05e7\u05d5\u05e8\u05ea \u05d0\u05d5 \u05d4\u05dc\u05e7\u05d0\u05d4 \u05e2\u05e6\u05de\u05d9\u05ea. \u05de\u05d7\u05e9\u05d1\u05d5\u05ea \u05d5\u05e8\u05d2\u05e9\u05d5\u05ea \u05d0\u05dc\u05d4 \u05d9\u05db\u05d5\u05dc\u05d9\u05dd \u05dc\u05d1\u05d5\u05d0 \u05dc\u05d9\u05d3\u05d9 \u05d1\u05d9\u05d8\u05d5\u05d9 \u05db\u05ea\u05d7\u05d5\u05e9\u05d5\u05ea \u05e9\u05dc \u05d7\u05d5\u05e1\u05e8 \u05e2\u05e8\u05da \u05d0\u05d5 \u05d5\u05e8\u05d2\u05e9\u05d9 \u05e0\u05d7\u05d9\u05ea\u05d5\u05ea. \u05dc\u05e2\u05d5\u05de\u05ea \u05d6\u05d0\u05ea,, \u05d0\u05e0\u05e9\u05d9\u05dd \u05d9\u05db\u05d5\u05dc\u05d9\u05dd \u05d2\u05dd \u05dc\u05e0\u05e1\u05d5\u05ea \u05dc\u05ea\u05de\u05d5\u05da \u05d1\u05e2\u05e6\u05de\u05dd \u05d5\u05dc\u05d4\u05e8\u05d2\u05d9\u05e2 \u05d0\u05ea \u05e2\u05e6\u05de\u05dd. \u05d1\u05d4\u05de\u05e9\u05da \u05de\u05d5\u05e4\u05d9\u05e2\u05d4 \u05e8\u05e9\u05d9\u05de\u05d4 \u05e9\u05dc \u05de\u05d7\u05e9\u05d1\u05d5\u05ea \u05d5\u05e8\u05d2\u05e9\u05d5\u05ea \u05e9\u05d0\u05e0\u05e9\u05d9\u05dd \u05dc\u05e4\u05e2\u05de\u05d9\u05dd \u05d7\u05d5\u05d5\u05d9\u05dd. \u05e7\u05e8\u05d0\/\u05d9 \u05db\u05dc \u05d4\u05e6\u05d4\u05e8\u05d4 \u05d5\u05e1\u05de\u05e0\/\u05d9 \u05d0\u05ea \u05d4\u05de\u05e1\u05e4\u05e8 \u05d4\u05de\u05ea\u05d0\u05e8 \u05d1\u05e6\u05d5\u05e8\u05d4 \u05d4\u05de\u05d3\u05d5\u05d9\u05d9\u05e7\u05ea \u05d1\u05d9\u05d5\u05ea\u05e8 \u05d0\u05ea \u05d4\u05de\u05d9\u05d3\u05d4 \u05d1\u05d4 \u05d4\u05d4\u05e6\u05d4\u05e8\u05d4 \u05e0\u05db\u05d5\u05e0\u05d4 \u05dc\u05d2\u05d1\u05d9\u05da.&nbsp;<\/span>\n<p><o:p><\/o:p><\/p><div><span dir=\"RTL\"><br><\/span><\/div><div><span dir=\"RTL\"><br><\/span><\/div><div><span dir=\"RTL\"><strong><span lang=\"HE\" dir=\"RTL\" style=\"font-size:11.0pt;\nfont-family:&quot;Arial&quot;,sans-serif;mso-fareast-font-family:&quot;Times New Roman&quot;;\nmso-ansi-language:EN-US;mso-fareast-language:EN-US;mso-bidi-language:HE\">\u05db\u05d0\u05e9\u05e8 \u05d3\u05d1\u05e8\u05d9\u05dd \u05dc\u05d0 \u05de\u05e6\u05dc\u05d9\u05d7\u05d9\u05dd \u05dc\u05d9:<\/span><\/strong><\/span><\/div>","DataVisibility":{"Private":false,"Hidden":false},"NextChoiceId":154,"NextAnswerId":9}}]}