{"SurveyEntry":{"SurveyID":"SV_1IfoW1NB2DUioOp","SurveyName":"SC-B1 - 2nd Session","SurveyDescription":null,"SurveyOwnerID":"UR_9BtP1lYOyu01rRX","SurveyBrandID":"bgupsych","DivisionID":null,"SurveyLanguage":"HE","SurveyActiveResponseSet":"RS_8cYzbBMjRsHTPeZ","SurveyStatus":"Inactive","SurveyStartDate":"0000-00-00 00:00:00","SurveyExpirationDate":"0000-00-00 00:00:00","SurveyCreationDate":"2018-02-26 02:00:38","CreatorID":"UR_9BtP1lYOyu01rRX","LastModified":"2020-11-10 02:42:41","LastAccessed":"0000-00-00 00:00:00","LastActivated":"2018-03-07 01:56:04","Deleted":null},"SurveyElements":[{"SurveyID":"SV_1IfoW1NB2DUioOp","Element":"BL","PrimaryAttribute":"Survey Blocks","SecondaryAttribute":null,"TertiaryAttribute":null,"Payload":{"1":{"Type":"Trash","Description":"Trash \/ Unused Questions","ID":"BL_0SAmvnzlFXDAOK9","BlockElements":[]},"2":{"Type":"Standard","SubType":"","Description":"Default Block","ID":"BL_d0eBf6QEI5fFZQh","BlockElements":[{"Type":"Question","QuestionID":"QID45"},{"Type":"Page Break"},{"Type":"Question","QuestionID":"QID47"},{"Type":"Page Break"},{"Type":"Question","QuestionID":"QID46"},{"Type":"Page Break"},{"Type":"Question","QuestionID":"QID48"}]},"3":{"Type":"Standard","SubType":"","Description":"Demographics","ID":"BL_73y4ZtUzsxjvA69","Options":{"BlockLocking":"false","RandomizeQuestions":"false","BlockVisibility":"Expanded"},"BlockElements":[{"Type":"Question","QuestionID":"QID54"},{"Type":"Question","QuestionID":"QID52"},{"Type":"Question","QuestionID":"QID53"}]}}},{"SurveyID":"SV_1IfoW1NB2DUioOp","Element":"FL","PrimaryAttribute":"Survey Flow","SecondaryAttribute":null,"TertiaryAttribute":null,"Payload":{"Type":"Root","FlowID":"FL_1","Flow":[{"Type":"EmbeddedData","FlowID":"FL_28","EmbeddedData":[{"Description":"wave","Type":"Custom","Field":"wave","VariableType":"String","DataVisibility":[],"Value":"2"}]},{"Type":"Standard","ID":"BL_73y4ZtUzsxjvA69","FlowID":"FL_31"},{"Type":"Branch","FlowID":"FL_33","Description":"New Branch","BranchLogic":{"0":{"0":{"LogicType":"Question","QuestionID":"QID52","QuestionIsInLoop":"no","ChoiceLocator":"q:\/\/QID52\/SelectableChoice\/1","Operator":"Selected","QuestionIDFromLocator":"QID52","LeftOperand":"q:\/\/QID52\/SelectableChoice\/1","Type":"Expression","Description":"<span class=\"ConjDesc\">If<\/span> <span class=\"QuestionDesc\">\u05de\u05d2\u05d3\u05e8:<\/span> <span class=\"LeftOpDesc\">\u05d0\u05d9\u05e9\u05d4<\/span> <span class=\"OpDesc\">Is Selected<\/span> "},"Type":"If"},"Type":"BooleanExpression"},"Flow":[{"Type":"EmbeddedData","FlowID":"FL_34","EmbeddedData":[{"Description":"take","Type":"Custom","Field":"take","VariableType":"String","DataVisibility":[],"Value":"\u05e7\u05d7\u05d9"},{"Description":"try","Type":"Custom","Field":"try","VariableType":"String","DataVisibility":[],"Value":"\u05d4\u05e9\u05ea\u05d3\u05dc\u05d9"},{"Description":"write","Type":"Custom","Field":"write","VariableType":"String","DataVisibility":[],"Value":"\u05e8\u05e9\u05de\u05d9"},{"Description":"remember","Type":"Custom","Field":"remember","VariableType":"String","DataVisibility":[],"Value":"\u05d6\u05db\u05e8\u05d9"},{"Description":"rate","Type":"Custom","Field":"rate","VariableType":"String","DataVisibility":[],"Value":"\u05d3\u05e8\u05d2\u05d9"},{"Description":"detailed","Type":"Custom","Field":"detailed","VariableType":"String","DataVisibility":[],"Value":"\u05de\u05e4\u05d5\u05e8\u05d8\u05ea"},{"Description":"need","Type":"Custom","Field":"need","VariableType":"String","DataVisibility":[],"Value":"\u05ea\u05e6\u05d8\u05e8\u05db\u05d9"}]}]},{"Type":"Branch","FlowID":"FL_35","Description":"New Branch","BranchLogic":{"0":{"0":{"LogicType":"Question","QuestionID":"QID52","QuestionIsInLoop":"no","ChoiceLocator":"q:\/\/QID52\/SelectableChoice\/1","Operator":"NotSelected","QuestionIDFromLocator":"QID52","LeftOperand":"q:\/\/QID52\/SelectableChoice\/1","Type":"Expression","Description":"<span class=\"ConjDesc\">If<\/span> <span class=\"QuestionDesc\">\u05de\u05d2\u05d3\u05e8:<\/span> <span class=\"LeftOpDesc\">\u05d0\u05d9\u05e9\u05d4<\/span> <span class=\"OpDesc\">Is Not Selected<\/span> "},"Type":"If"},"Type":"BooleanExpression"},"Flow":[{"Type":"EmbeddedData","FlowID":"FL_36","EmbeddedData":[{"Description":"take","Type":"Custom","Field":"take","VariableType":"String","DataVisibility":[],"Value":"\u05e7\u05d7"},{"Description":"try","Type":"Custom","Field":"try","VariableType":"String","DataVisibility":[],"Value":"\u05d4\u05e9\u05ea\u05d3\u05dc"},{"Description":"write","Type":"Custom","Field":"write","VariableType":"String","DataVisibility":[],"Value":"\u05e8\u05e9\u05d5\u05dd"},{"Description":"remember","Type":"Custom","Field":"remember","VariableType":"String","DataVisibility":[],"Value":"\u05d6\u05db\u05d5\u05e8"},{"Description":"rate","Type":"Custom","Field":"rate","VariableType":"String","DataVisibility":[],"Value":"\u05d3\u05e8\u05d2"},{"Description":"detailed","Type":"Custom","Field":"detailed","VariableType":"String","DataVisibility":[],"Value":"\u05de\u05e4\u05d5\u05e8\u05d8"},{"Description":"need","Type":"Custom","Field":"need","VariableType":"String","DataVisibility":[],"Value":"\u05ea\u05e6\u05d8\u05e8\u05da"}]}]},{"Type":"Standard","ID":"BL_d0eBf6QEI5fFZQh","FlowID":"FL_29"}],"Properties":{"Count":36}}},{"SurveyID":"SV_1IfoW1NB2DUioOp","Element":"SO","PrimaryAttribute":"Survey Options","SecondaryAttribute":null,"TertiaryAttribute":null,"Payload":{"BackButton":"false","SaveAndContinue":"false","SurveyProtection":"PublicSurvey","BallotBoxStuffingPrevention":"false","NoIndex":"Yes","SecureResponseFiles":"true","SurveyExpiration":null,"SurveyTermination":"Redirect","Header":"","Footer":"","ProgressBarDisplay":"None","PartialData":"+4 hour","ValidationMessage":null,"PreviousButton":"\u05d4\u05e7\u05d5\u05d3\u05dd","NextButton":"\u05d4\u05d1\u05d0","SkinLibrary":"bgupsych","SkinType":"MQ","Skin":"bgupsych","NewScoring":1,"libraryId":"UR_9BtP1lYOyu01rRX","nextButtonMid":"MS_8zZIvlrJDyqzcDb","previousButtonMid":"MS_1YyPPOgtDVA8wzr","headerMid":"","footerMid":"","QuestionsPerPage":"","PageTransition":"None","ExternalCSS":null,"CustomStyles":{"errorStyles":{"selector":".Skin .ValidationError","styles":{"color":null,"backgroundColor":null,"borderColor":null}},"errorStylesBG":{"selector":".Skin .HeaderValidationError, .Skin .HeaderValidationError li a","styles":{"color":null,"backgroundColor":null}},"pageStyles":{"selector":"#SurveyEngineBody","styles":{"backgroundColor":null}},"textStyles":{"selector":".SkinInner","styles":{"fontFamily":null,"fontSize":null,"fontWeight":null,"fontStyle":null,"textDecoration":null,"color":null}},"questionStyles":{"selector":".Skin .QuestionText","styles":{"fontFamily":null,"fontSize":null,"fontWeight":null,"fontStyle":null,"textDecoration":null,"color":null}},"choiceStyles":{"selector":".Skin .horizontalbar th.ylabel, .Skin .Matrix table td, .Skin .Matrix table th, .Skin .Matrix table thead th, .Skin .Matrix table thead td, .Skin .PGR .DragAndDrop .Items label, .Skin .QuestionBody ul.ChoiceStructure, .Skin .PGR .DragAndDrop .Group ul, .Skin .PGR .DragAndDrop .Group h2, .Skin .PGR .DragAndDrop .Items ul, .Skin .PGR .DragAndDrop .Items h2, .Skin .DD .QuestionBody table.ChoiceStructure, .Skin .PGR .DragAndDrop .NoColumns td.groupsContainerTd div ul, .Skin .PGR .DragAndDrop .NoColumns td.groupsContainerTd div h2, .Skin .SBS thead th, .Skin .SBS td, .Skin .SBS .Answers td, .Skin .SBS .Answers th, .SBS table.ChoiceStructure, .Skin .horizontalbar thead table.LabelDescriptions tr td, .Skin .horizontalbar thead tr td.NotApplicable, .QuestionBody th, .Skin .QuestionBody .MC .MAVR label, .Skin .QuestionBody .MC .SAVR label, .Skin .SBS thead th, .Skin .SBS td, .Skin .RO .DND ul li, .Skin .reg, .SkinInner .ChoiceStructure, .Skin thead, .Skin .GAP .ChoiceStructure thead th, .Skin .GAP .ChoiceStructure .c4, .Skin .GAP .ChoiceStructure th, .Skin .GAP .ChoiceStructure .WhyText, .SkinInner .ChoiceStructure .LightBG, .Skin .QuestionOuter.Highlight .Inner .reg, .Skin .QuestionOuter.Highlight .Inner .alt, .Skin .QuestionOuter.Highlight .Inner .ReadableAlt       ","styles":{"fontFamily":null,"fontSize":null,"fontWeight":null,"fontStyle":null,"textDecoration":null,"color":null}},"headerStyles":{"selector":".Skin div#Header","styles":{"color":null}},"footerStyles":{"selector":".Skin #Footer","styles":{"color":null}},"questionSeparatorStyles":{"selector":".Skin .Separator","styles":{"backgroundColor":null,"display":null}},"highlightStyles":{"selector":".Skin .QuestionOuter.Highlight .Inner, .Skin .QuestionOuter.Highlight .Inner .reg, .Skin .QuestionOuter.Highlight .Inner .alt, .Skin .QuestionOuter.Highlight .Inner .ReadableAlt","styles":{"backgroundColor":null}},"highlightStylesAlt":{"selector":".Skin .QuestionOuter.Highlight .Inner .ReadableAlt, .Skin .QuestionOuter.Highlight .Inner .LightBG","styles":{"backgroundColor":null}},"textEntryStyles":{"selector":".Skin select, .Skin .InputText","styles":{"color":null}},"borderStyles":{"selector":".Skin .CS .horizontalbar table.sliderGrid tr.xlabel th, .Skin .CS .horizontalbar .ylabel, .Skin .CS .horizontalbar table.sliderGrid tr td.value, .Skin .Slider .horizontalbar table.sliderGrid tr.xlabel th, .Skin .BorderColor, .Skin .DarkBorderColor, .Skin .Slider .horizontalbar table.sliderGrid tr td.value, .Skin thead, .Skin .GAP .ChoiceStructure thead th  ","styles":{"borderColor":null}},"altRowStyles":{"selector":".Skin .ReadableAlt, .Skin .LightBG","styles":{"backgroundColor":null}},"customCSS":null},"HighlightQuestions":"off","EOSMessage":"MS_1C72qLfiD8Hws3b","ShowExportTags":"false","CollectGeoLocation":"false","SurveyTitle":"Online Survey Software | Qualtrics Survey Solutions","SurveyMetaDescription":"Qualtrics sophisticated online survey software solutions make creating online surveys easy. Learn more about Research Suite and get a free account today.","PasswordProtection":"No","AnonymizeResponse":"No","Password":"","RefererCheck":"No","RefererURL":"http:\/\/","EOSMessageLibrary":"UR_9BtP1lYOyu01rRX","EOSRedirectURL":"https:\/\/implicit.harvard.edu\/implicit\/Launch?study=\/user\/pinus\/sc.b1\/\/sc.b1.expt.xml&refresh=true&subject_nr=${q:\/\/QID54\/ChoiceTextEntryValue}&female=${q:\/\/QID52\/SelectedChoicesRecode}&wave=2","EmailThankYou":"false","ThankYouEmailMessageLibrary":null,"ThankYouEmailMessage":null,"ValidateMessage":"false","ValidationMessageLibrary":null,"InactiveSurvey":"DefaultMessage","PartialDataCloseAfter":"SurveyStart","InactiveMessageLibrary":"","InactiveMessage":"","ActiveResponseSet":null,"AvailableLanguages":{"HE":[]},"ProtectSelectionIds":true,"ResponseSummary":"No"}},{"SurveyID":"SV_1IfoW1NB2DUioOp","Element":"SCO","PrimaryAttribute":"Scoring","SecondaryAttribute":null,"TertiaryAttribute":null,"Payload":{"ScoringCategories":[],"ScoringCategoryGroups":[],"ScoringSummaryCategory":null,"ScoringSummaryAfterQuestions":0,"ScoringSummaryAfterSurvey":0,"DefaultScoringCategory":null,"AutoScoringCategory":null}},{"SurveyID":"SV_1IfoW1NB2DUioOp","Element":"STAT","PrimaryAttribute":"Survey Statistics","SecondaryAttribute":null,"TertiaryAttribute":null,"Payload":{"MobileCompatible":false,"ID":"Survey Statistics"}},{"SurveyID":"SV_1IfoW1NB2DUioOp","Element":"SQ","PrimaryAttribute":"QID47","SecondaryAttribute":"${e:\/\/Field\/write} \u05d0\u05ea \u05db\u05dc \u05de\u05d4 \u05e9\u05d6\u05db\u05d5\u05e8 \u05dc\u05da \u05dc\u05d2\u05d1\u05d9 \u05d7\u05dc\u05e7\u05d5 \u05d4\u05e8\u05d0\u05e9\u05d5\u05df \u05e9\u05dc \u05d4\u05de\u05d7\u05e7\u05e8.\u00a0 ","TertiaryAttribute":null,"Payload":{"QuestionText":"<div>${e:\/\/Field\/write} \u05d0\u05ea \u05db\u05dc \u05de\u05d4 \u05e9\u05d6\u05db\u05d5\u05e8 \u05dc\u05da \u05dc\u05d2\u05d1\u05d9 \u05d7\u05dc\u05e7\u05d5 \u05d4\u05e8\u05d0\u05e9\u05d5\u05df \u05e9\u05dc \u05d4\u05de\u05d7\u05e7\u05e8.&nbsp;<\/div><div>\u05de\u05d8\u05dc\u05ea \u05d4\u05db\u05ea\u05d9\u05d1\u05d4 \u05d0\u05d9\u05e0\u05d4 \u05de\u05d5\u05d2\u05d1\u05dc\u05ea \u05d1\u05d6\u05de\u05df \u05d0\u05d5 \u05d1\u05de\u05e1\u05e4\u05e8 \u05de\u05d9\u05dc\u05d9\u05dd.&nbsp; ${e:\/\/Field\/try} \u05dc\u05d4\u05d9\u05d5\u05ea ${e:\/\/Field\/detailed} \u05db\u05db\u05dc \u05d4\u05e0\u05d9\u05ea\u05df \u05d1\u05ea\u05d9\u05d0\u05d5\u05e8\u05da, \u05db\u05d5\u05dc\u05dc \u05ea\u05d7\u05d5\u05e9\u05d5\u05ea, \u05e8\u05d2\u05e9\u05d5\u05ea \u05d5\u05de\u05d7\u05e9\u05d1\u05d5\u05ea \u05e9\u05d4\u05ea\u05e2\u05d5\u05e8\u05e8\u05d5 \u05d1\u05da \u05d1\u05de\u05d4\u05dc\u05da \u05d7\u05dc\u05e7\u05d5 \u05d4\u05e8\u05d0\u05e9\u05d5\u05df \u05e9\u05dc \u05d4\u05de\u05d7\u05e7\u05e8, \u05d0\u05d5 \u05d1\u05e2\u05e7\u05d1\u05d5\u05ea\u05d9\u05d5. ${e:\/\/Field\/take} \u05db\u05de\u05d4 \u05d6\u05de\u05df \u05e9${e:\/\/Field\/need}.<\/div><div>(${e:\/\/Field\/remember} \u05db\u05d9 \u05ea\u05e9\u05d5\u05d1\u05d5\u05ea\u05d9\u05da \u05d4\u05df \u05d0\u05e0\u05d5\u05e0\u05d9\u05de\u05d9\u05d5\u05ea, \u05d5\u05dc\u05d0 \u05e0\u05d9\u05ea\u05df \u05dc\u05e7\u05e9\u05e8 \u05d1\u05d9\u05e0\u05d9\u05d4\u05df \u05d5\u05d1\u05d9\u05df \u05d6\u05d4\u05d5\u05ea\u05da)<\/div>","DefaultChoices":false,"DataExportTag":"memory","QuestionType":"TE","Selector":"ESTB","Configuration":{"QuestionDescriptionOption":"UseText","InputWidth":680,"InputHeight":358},"QuestionDescription":"${e:\/\/Field\/write} \u05d0\u05ea \u05db\u05dc \u05de\u05d4 \u05e9\u05d6\u05db\u05d5\u05e8 \u05dc\u05da \u05dc\u05d2\u05d1\u05d9 \u05d7\u05dc\u05e7\u05d5 \u05d4\u05e8\u05d0\u05e9\u05d5\u05df \u05e9\u05dc \u05d4\u05de\u05d7\u05e7\u05e8.\u00a0 \u05de\u05d8\u05dc\u05ea \u05d4\u05db\u05ea\u05d9\u05d1\u05d4 \u05d0\u05d9\u05e0\u05d4 \u05de\u05d5\u05d2\u05d1\u05dc\u05ea \u05d1\u05d6\u05de\u05df \u05d0\u05d5...","Validation":{"Settings":{"ForceResponse":"ON","ForceResponseType":"ON","Type":"None"}},"GradingData":[],"Language":[],"QuestionID":"QID47","DataVisibility":{"Private":false,"Hidden":false}}},{"SurveyID":"SV_1IfoW1NB2DUioOp","Element":"PROJ","PrimaryAttribute":"CORE","SecondaryAttribute":"1.0.0","TertiaryAttribute":null,"Payload":null},{"SurveyID":"SV_1IfoW1NB2DUioOp","Element":"QC","PrimaryAttribute":"Survey Question Count","SecondaryAttribute":"55","TertiaryAttribute":null,"Payload":null},{"SurveyID":"SV_1IfoW1NB2DUioOp","Element":"RS","PrimaryAttribute":"RS_8cYzbBMjRsHTPeZ","SecondaryAttribute":"Default Response Set","TertiaryAttribute":null,"Payload":null},{"SurveyID":"SV_1IfoW1NB2DUioOp","Element":"SQ","PrimaryAttribute":"QID54","SecondaryAttribute":"\u05de\u05e1\u05e4\u05e8 \u05e0\u05d1\u05d3\u05e7:","TertiaryAttribute":null,"Payload":{"QuestionText":"\u05de\u05e1\u05e4\u05e8 \u05e0\u05d1\u05d3\u05e7:","DefaultChoices":false,"DataExportTag":"subject_nr","QuestionType":"TE","Selector":"SL","Configuration":{"QuestionDescriptionOption":"UseText"},"QuestionDescription":"\u05de\u05e1\u05e4\u05e8 \u05e0\u05d1\u05d3\u05e7:","Validation":{"Settings":{"ForceResponse":"ON","ForceResponseType":"ON","Type":"ContentType","ContentType":"ValidNumber","ValidDateType":"DateWithFormat","ValidPhoneType":"ValidUSPhone","ValidZipType":"ValidUSZip","ValidNumber":{"NumDecimals":"0"}}},"GradingData":[],"Language":[],"QuestionID":"QID54","DataVisibility":{"Private":false,"Hidden":false}}},{"SurveyID":"SV_1IfoW1NB2DUioOp","Element":"SQ","PrimaryAttribute":"QID52","SecondaryAttribute":"\u05de\u05d2\u05d3\u05e8:","TertiaryAttribute":null,"Payload":{"QuestionText":"\u05de\u05d2\u05d3\u05e8:","DataExportTag":"gender","QuestionType":"MC","Selector":"SAVR","SubSelector":"TX","DataVisibility":{"Private":false,"Hidden":false},"Configuration":{"QuestionDescriptionOption":"UseText"},"QuestionDescription":"\u05de\u05d2\u05d3\u05e8:","Choices":{"1":{"Display":"\u05d0\u05d9\u05e9\u05d4"},"2":{"Display":"\u05d2\u05d1\u05e8"},"3":{"Display":"\u05d0\u05d7\u05e8"}},"ChoiceOrder":["1","2","3"],"Validation":{"Settings":{"ForceResponse":"ON","ForceResponseType":"ON","Type":"None"}},"Language":[],"QuestionID":"QID52","RecodeValues":{"1":"1","2":"0","3":"2"},"VariableNaming":{"1":"female","2":"male","3":"other"}}},{"SurveyID":"SV_1IfoW1NB2DUioOp","Element":"SQ","PrimaryAttribute":"QID48","SecondaryAttribute":"\u05d0\u05e0\u05d0 ${e:\/\/Field\/rate} \u05d0\u05ea \u05d4\u05ea\u05e0\u05d4\u05d2\u05d5\u05ea\u05da \u05d1\u05d7\u05dc\u05e7\u05d5 \u05d4\u05e8\u05d0\u05e9\u05d5\u05df \u05e9\u05dc \u05d4\u05de\u05d7\u05e7\u05e8, \u05e2\u05dc \u05e4\u05d9 \u05d4","TertiaryAttribute":null,"Payload":{"QuestionText":"\u05d0\u05e0\u05d0 ${e:\/\/Field\/rate} \u05d0\u05ea \u05d4\u05ea\u05e0\u05d4\u05d2\u05d5\u05ea\u05da \u05d1\u05d7\u05dc\u05e7\u05d5 \u05d4\u05e8\u05d0\u05e9\u05d5\u05df \u05e9\u05dc \u05d4\u05de\u05d7\u05e7\u05e8, \u05e2\u05dc \u05e4\u05d9 \u05d4\u05e4\u05e8\u05de\u05d8\u05e8\u05d9\u05dd \u05d4\u05d1\u05d0\u05d9\u05dd:","DefaultChoices":false,"DataExportTag":"retrospective","QuestionID":"QID48","QuestionType":"Slider","Selector":"HSLIDER","DataVisibility":{"Private":false,"Hidden":false},"Configuration":{"QuestionDescriptionOption":"UseText","TextPosition":"inline","CSSliderMin":0,"CSSliderMax":100,"GridLines":10,"SnapToGrid":false,"NumDecimals":"0","ShowValue":false,"CustomStart":false,"NotApplicable":false,"MobileFirst":true},"QuestionDescription":"\u05d0\u05e0\u05d0 ${e:\/\/Field\/rate} \u05d0\u05ea \u05d4\u05ea\u05e0\u05d4\u05d2\u05d5\u05ea\u05da \u05d1\u05d7\u05dc\u05e7\u05d5 \u05d4\u05e8\u05d0\u05e9\u05d5\u05df \u05e9\u05dc \u05d4\u05de\u05d7\u05e7\u05e8, \u05e2\u05dc \u05e4\u05d9 \u05d4\u05e4\u05e8\u05de\u05d8\u05e8\u05d9\u05dd \u05d4\u05d1\u05d0\u05d9\u05dd:...","Choices":{"1":{"Display":"\u05d4\u05d9\u05d5 \u05dc\u05d9 \u05e6\u05d9\u05e4\u05d9\u05d5\u05ea \u05d2\u05d1\u05d5\u05d4\u05d5\u05ea \u05dc\u05d2\u05d1\u05d9 \u05de\u05d9\u05d3\u05ea \u05d4\u05d4\u05e6\u05dc\u05d7\u05d4 \u05e9\u05dc\u05d9 \u05d1\u05de\u05d8\u05dc\u05d5\u05ea"},"2":{"Display":"\u05dc\u05d0 \u05e2\u05de\u05d3\u05ea\u05d9 \u05d1\u05e6\u05d9\u05e4\u05d9\u05d5\u05ea \u05e9\u05dc\u05d9 \u05dc\u05d2\u05d1\u05d9 \u05de\u05d9\u05d3\u05ea \u05d4\u05d4\u05e6\u05dc\u05d7\u05d4 \u05e9\u05dc\u05d9 \u05d1\u05de\u05d8\u05dc\u05d5\u05ea"},"3":{"Display":"\u05db\u05d0\u05e9\u05e8 \u05dc\u05d0 \u05d4\u05e6\u05dc\u05d7\u05ea\u05d9 \u05dc\u05d1\u05e6\u05e2 \u05d0\u05ea \u05d4\u05de\u05d8\u05dc\u05d4 \u05db\u05e2\u05e1\u05ea\u05d9 \u05e2\u05dc \u05e2\u05e6\u05de\u05d9"},"4":{"Display":"\u05db\u05d0\u05e9\u05e8 \u05dc\u05d0 \u05d4\u05e6\u05dc\u05d7\u05ea\u05d9 \u05dc\u05d1\u05e6\u05e2 \u05d0\u05ea \u05d4\u05de\u05d8\u05dc\u05d4 \u05dc\u05d0 \u05d0\u05d4\u05d1\u05ea\u05d9 \u05dc\u05d4\u05d9\u05d5\u05ea \u05d0\u05e0\u05d9"},"5":{"Display":"\u05db\u05d0\u05e9\u05e8 \u05dc\u05d0 \u05d4\u05e6\u05dc\u05d7\u05ea\u05d9 \u05dc\u05d1\u05e6\u05e2 \u05d0\u05ea \u05d4\u05de\u05d8\u05dc\u05d4 \u05e0\u05d6\u05db\u05e8\u05ea\u05d9 \u05d1\u05db\u05e9\u05dc\u05d5\u05e0\u05d5\u05ea \u05e9\u05dc\u05d9 \u05d5\u05dc\u05d0 \u05d4\u05e4\u05e1\u05e7\u05ea\u05d9 \u05dc\u05d7\u05e9\u05d5\u05d1 \u05e2\u05dc\u05d9\u05d4\u05dd"},"6":{"Display":"\u05d4\u05d9\u05d5 \u05dc\u05d9 \u05e6\u05d9\u05e4\u05d9\u05d5\u05ea \u05dc\u05d0 \u05e1\u05d1\u05d9\u05e8\u05d5\u05ea \u05dc\u05d2\u05d1\u05d9 \u05de\u05d9\u05d3\u05ea \u05d4\u05d4\u05e6\u05dc\u05d7\u05d4 \u05e9\u05dc\u05d9 \u05d1\u05de\u05d8\u05dc\u05d5\u05ea"}},"ChoiceOrder":["1","2","3","4","5","6"],"Validation":{"Settings":{"ForceResponse":"ON","ForceResponseType":"ON","Type":"None"}},"GradingData":[],"Language":[],"Labels":[],"Randomization":{"Advanced":null,"Type":"All","TotalRandSubset":""}}},{"SurveyID":"SV_1IfoW1NB2DUioOp","Element":"SQ","PrimaryAttribute":"QID45","SecondaryAttribute":"\u05e9\u05dc\u05d5\u05dd, \u05dc\u05e4\u05e0\u05d9 \u05e9\u05d1\u05d5\u05e2, \u05d1\u05d7\u05dc\u05e7\u05d5 \u05d4\u05e8\u05d0\u05e9\u05d5\u05df \u05e9\u05dc \u05d4\u05e0\u05d9\u05e1\u05d5\u05d9, \u05d1\u05d9\u05e6\u05e2\u05ea \u05de\u05e1\u05e4\u05e8 \u05de\u05d8\u05dc\u05d5","TertiaryAttribute":null,"Payload":{"QuestionText":"\u05e9\u05dc\u05d5\u05dd,<div>\u05dc\u05e4\u05e0\u05d9 \u05e9\u05d1\u05d5\u05e2, \u05d1\u05d7\u05dc\u05e7\u05d5 \u05d4\u05e8\u05d0\u05e9\u05d5\u05df \u05e9\u05dc \u05d4\u05e0\u05d9\u05e1\u05d5\u05d9, \u05d1\u05d9\u05e6\u05e2\u05ea \u05de\u05e1\u05e4\u05e8 \u05de\u05d8\u05dc\u05d5\u05ea, \u05d5\u05e9\u05d9\u05d7\u05e7\u05ea \u05d1\u05de\u05e9\u05d7\u05e7 \u05d4\u05de\u05d9\u05dc\u05d9\u05dd \u05d4\u05de\u05e1\u05ea\u05ea\u05e8\u05d5\u05ea.<\/div><div>\u05d1\u05de\u05e1\u05da \u05d4\u05d1\u05d0 \u05e0\u05d1\u05e7\u05e9 \u05de\u05de\u05da \u05dc\u05e8\u05e9\u05d5\u05dd \u05d0\u05ea \u05db\u05dc \u05de\u05d4 \u05e9\u05d6\u05db\u05d5\u05e8 \u05dc\u05da \u05dc\u05d2\u05d1\u05d9 \u05d7\u05dc\u05e7\u05d5 \u05d4\u05e8\u05d0\u05e9\u05d5\u05df \u05e9\u05dc \u05d4\u05de\u05d7\u05e7\u05e8.&nbsp;<\/div><div>\u05de\u05d8\u05dc\u05ea \u05d4\u05db\u05ea\u05d9\u05d1\u05d4 \u05d0\u05d9\u05e0\u05d4 \u05de\u05d5\u05d2\u05d1\u05dc\u05ea \u05d1\u05d6\u05de\u05df \u05d0\u05d5 \u05d1\u05de\u05e1\u05e4\u05e8 \u05de\u05d9\u05dc\u05d9\u05dd. ${e:\/\/Field\/try} \u05dc\u05d4\u05d9\u05d5\u05ea ${e:\/\/Field\/detailed} \u05db\u05db\u05dc \u05d4\u05e0\u05d9\u05ea\u05df \u05d1\u05ea\u05d9\u05d0\u05d5\u05e8\u05da, \u05db\u05d5\u05dc\u05dc \u05ea\u05d7\u05d5\u05e9\u05d5\u05ea, \u05e8\u05d2\u05e9\u05d5\u05ea \u05d5\u05de\u05d7\u05e9\u05d1\u05d5\u05ea \u05e9\u05d4\u05ea\u05e2\u05d5\u05e8\u05e8\u05d5 \u05d1\u05da \u05d1\u05de\u05d4\u05dc\u05da \u05d7\u05dc\u05e7\u05d5 \u05d4\u05e8\u05d0\u05e9\u05d5\u05df \u05e9\u05dc \u05d4\u05de\u05d7\u05e7\u05e8, \u05d0\u05d5 \u05d1\u05e2\u05e7\u05d1\u05d5\u05ea\u05d9\u05d5. ${e:\/\/Field\/take} \u05db\u05de\u05d4 \u05d6\u05de\u05df \u05e9${e:\/\/Field\/need}.<\/div><div><br><\/div><div><br><\/div><div><br><\/div>","DefaultChoices":false,"DataExportTag":"intro_s2","QuestionType":"DB","Selector":"TB","Configuration":{"QuestionDescriptionOption":"UseText"},"QuestionDescription":"\u05e9\u05dc\u05d5\u05dd, \u05dc\u05e4\u05e0\u05d9 \u05e9\u05d1\u05d5\u05e2, \u05d1\u05d7\u05dc\u05e7\u05d5 \u05d4\u05e8\u05d0\u05e9\u05d5\u05df \u05e9\u05dc \u05d4\u05e0\u05d9\u05e1\u05d5\u05d9, \u05d1\u05d9\u05e6\u05e2\u05ea \u05de\u05e1\u05e4\u05e8 \u05de\u05d8\u05dc\u05d5\u05ea, \u05d5\u05e9\u05d9\u05d7\u05e7\u05ea \u05d1\u05de\u05e9\u05d7\u05e7 \u05d4\u05de\u05d9\u05dc\u05d9\u05dd \u05d4\u05de\u05e1\u05ea\u05ea\u05e8\u05d5\u05ea. \u05d1\u05de\u05e1\u05da \u05d4\u05d1\u05d0...","ChoiceOrder":[],"Validation":{"Settings":{"Type":"None"}},"GradingData":[],"Language":[],"QuestionID":"QID45","DataVisibility":{"Private":false,"Hidden":false}}},{"SurveyID":"SV_1IfoW1NB2DUioOp","Element":"SQ","PrimaryAttribute":"QID53","SecondaryAttribute":"\u05d2\u05d9\u05dc:","TertiaryAttribute":null,"Payload":{"QuestionText":"\u05d2\u05d9\u05dc:","DefaultChoices":false,"DataExportTag":"age","QuestionType":"TE","Selector":"SL","DataVisibility":{"Private":false,"Hidden":false},"Configuration":{"QuestionDescriptionOption":"UseText"},"QuestionDescription":"\u05d2\u05d9\u05dc:","Validation":{"Settings":{"ForceResponse":"ON","ForceResponseType":"ON","Type":"ContentType","ContentType":"ValidNumber","ValidDateType":"DateWithFormat","ValidPhoneType":"ValidUSPhone","ValidZipType":"ValidUSZip"}},"GradingData":[],"Language":[],"QuestionID":"QID53"}},{"SurveyID":"SV_1IfoW1NB2DUioOp","Element":"SQ","PrimaryAttribute":"QID46","SecondaryAttribute":"\u05d4\u05d0\u05dd \u05d9\u05e9 \u05de\u05e9\u05d4\u05d5 \u05e9\u05d4\u05d9\u05d9\u05ea \u05de\u05e9\u05e0\u05d4 \u05d1\u05d4\u05ea\u05e0\u05d4\u05d2\u05d5\u05ea\u05da \u05d1\u05d7\u05dc\u05e7\u05d5 \u05d4\u05e8\u05d0\u05e9\u05d5\u05df \u05e9\u05dc \u05d4\u05de\u05d7\u05e7\u05e8?","TertiaryAttribute":null,"Payload":{"QuestionText":"\u05d4\u05d0\u05dd \u05d9\u05e9 \u05de\u05e9\u05d4\u05d5 \u05e9\u05d4\u05d9\u05d9\u05ea \u05de\u05e9\u05e0\u05d4 \u05d1\u05d4\u05ea\u05e0\u05d4\u05d2\u05d5\u05ea\u05da \u05d1\u05d7\u05dc\u05e7\u05d5 \u05d4\u05e8\u05d0\u05e9\u05d5\u05df \u05e9\u05dc \u05d4\u05de\u05d7\u05e7\u05e8? \u05de\u05d4 \u05d4\u05d9\u05d9\u05ea \u05de\u05e9\u05e0\u05d4, \u05d5\u05db\u05d9\u05e6\u05d3?<div>(${e:\/\/Field\/remember} \u05db\u05d9 \u05ea\u05e9\u05d5\u05d1\u05d5\u05ea\u05d9\u05da \u05d4\u05df \u05d0\u05e0\u05d5\u05e0\u05d9\u05de\u05d9\u05d5\u05ea, \u05d5\u05dc\u05d0 \u05e0\u05d9\u05ea\u05df \u05dc\u05e7\u05e9\u05e8 \u05d1\u05d9\u05e0\u05d9\u05d4\u05df \u05d5\u05d1\u05d9\u05df \u05d6\u05d4\u05d5\u05ea\u05da)<\/div>","DefaultChoices":false,"DataExportTag":"change","QuestionID":"QID46","QuestionType":"TE","Selector":"ESTB","Configuration":{"QuestionDescriptionOption":"UseText","InputWidth":680,"InputHeight":164},"QuestionDescription":"\u05d4\u05d0\u05dd \u05d9\u05e9 \u05de\u05e9\u05d4\u05d5 \u05e9\u05d4\u05d9\u05d9\u05ea \u05de\u05e9\u05e0\u05d4 \u05d1\u05d4\u05ea\u05e0\u05d4\u05d2\u05d5\u05ea\u05da \u05d1\u05d7\u05dc\u05e7\u05d5 \u05d4\u05e8\u05d0\u05e9\u05d5\u05df \u05e9\u05dc \u05d4\u05de\u05d7\u05e7\u05e8? \u05de\u05d4 \u05d4\u05d9\u05d9\u05ea \u05de\u05e9\u05e0\u05d4, \u05d5\u05db\u05d9\u05e6\u05d3? (...","Validation":{"Settings":{"ForceResponse":"ON","ForceResponseType":"ON","Type":"None"}},"GradingData":[],"Language":[],"DataVisibility":{"Private":false,"Hidden":false}}}]}